// !$*UTF8*$!
{
	archiveVersion = 1;
	classes = {
	};
	objectVersion = 55;
	objects = {

/* Begin PBXBuildFile section */
		3798823BE7DBA010A6E4218B /* Pods_TheMovieIMDB_TheMovieIMDBUITests.framework in Frameworks */ = {isa = PBXBuildFile; fileRef = F87A1F44CD87C651865756DF /* Pods_TheMovieIMDB_TheMovieIMDBUITests.framework */; };
		3F3866525709FB7924A9AF33 /* Pods_TheMovieIMDB.framework in Frameworks */ = {isa = PBXBuildFile; fileRef = 4DF1F51350307389F75696CA /* Pods_TheMovieIMDB.framework */; };
		5036893136EEBC252A96D916 /* Pods_TheMovieIMDBTests.framework in Frameworks */ = {isa = PBXBuildFile; fileRef = 53AA62E9ADF7EEF070B9869F /* Pods_TheMovieIMDBTests.framework */; };
		837FF33E29B733CD002F4074 /* AppDelegate.swift in Sources */ = {isa = PBXBuildFile; fileRef = 837FF33D29B733CD002F4074 /* AppDelegate.swift */; };
		837FF34029B733CD002F4074 /* SceneDelegate.swift in Sources */ = {isa = PBXBuildFile; fileRef = 837FF33F29B733CD002F4074 /* SceneDelegate.swift */; };
		837FF34229B733CD002F4074 /* ViewController.swift in Sources */ = {isa = PBXBuildFile; fileRef = 837FF34129B733CD002F4074 /* ViewController.swift */; };
		837FF34529B733CD002F4074 /* Main.storyboard in Resources */ = {isa = PBXBuildFile; fileRef = 837FF34329B733CD002F4074 /* Main.storyboard */; };
		837FF34729B733CE002F4074 /* Assets.xcassets in Resources */ = {isa = PBXBuildFile; fileRef = 837FF34629B733CE002F4074 /* Assets.xcassets */; };
		837FF34A29B733CE002F4074 /* LaunchScreen.storyboard in Resources */ = {isa = PBXBuildFile; fileRef = 837FF34829B733CE002F4074 /* LaunchScreen.storyboard */; };
		837FF35529B733CE002F4074 /* TheMovieIMDBTests.swift in Sources */ = {isa = PBXBuildFile; fileRef = 837FF35429B733CE002F4074 /* TheMovieIMDBTests.swift */; };
		837FF35F29B733CE002F4074 /* TheMovieIMDBUITests.swift in Sources */ = {isa = PBXBuildFile; fileRef = 837FF35E29B733CE002F4074 /* TheMovieIMDBUITests.swift */; };
		837FF36129B733CE002F4074 /* TheMovieIMDBUITestsLaunchTests.swift in Sources */ = {isa = PBXBuildFile; fileRef = 837FF36029B733CE002F4074 /* TheMovieIMDBUITestsLaunchTests.swift */; };
/* End PBXBuildFile section */

/* Begin PBXContainerItemProxy section */
		837FF35129B733CE002F4074 /* PBXContainerItemProxy */ = {
			isa = PBXContainerItemProxy;
			containerPortal = 837FF33229B733CD002F4074 /* Project object */;
			proxyType = 1;
			remoteGlobalIDString = 837FF33929B733CD002F4074;
			remoteInfo = TheMovieIMDB;
		};
		837FF35B29B733CE002F4074 /* PBXContainerItemProxy */ = {
			isa = PBXContainerItemProxy;
			containerPortal = 837FF33229B733CD002F4074 /* Project object */;
			proxyType = 1;
			remoteGlobalIDString = 837FF33929B733CD002F4074;
			remoteInfo = TheMovieIMDB;
		};
/* End PBXContainerItemProxy section */

/* Begin PBXFileReference section */
		4292B887A2C2491A8F1EEF99 /* Pods-TheMovieIMDB-TheMovieIMDBUITests.release.xcconfig */ = {isa = PBXFileReference; includeInIndex = 1; lastKnownFileType = text.xcconfig; name = "Pods-TheMovieIMDB-TheMovieIMDBUITests.release.xcconfig"; path = "Target Support Files/Pods-TheMovieIMDB-TheMovieIMDBUITests/Pods-TheMovieIMDB-TheMovieIMDBUITests.release.xcconfig"; sourceTree = "<group>"; };
		4DF1F51350307389F75696CA /* Pods_TheMovieIMDB.framework */ = {isa = PBXFileReference; explicitFileType = wrapper.framework; includeInIndex = 0; path = Pods_TheMovieIMDB.framework; sourceTree = BUILT_PRODUCTS_DIR; };
		53AA62E9ADF7EEF070B9869F /* Pods_TheMovieIMDBTests.framework */ = {isa = PBXFileReference; explicitFileType = wrapper.framework; includeInIndex = 0; path = Pods_TheMovieIMDBTests.framework; sourceTree = BUILT_PRODUCTS_DIR; };
		810AF43919B976113FBC7011 /* Pods-TheMovieIMDB.debug.xcconfig */ = {isa = PBXFileReference; includeInIndex = 1; lastKnownFileType = text.xcconfig; name = "Pods-TheMovieIMDB.debug.xcconfig"; path = "Target Support Files/Pods-TheMovieIMDB/Pods-TheMovieIMDB.debug.xcconfig"; sourceTree = "<group>"; };
		837FF33A29B733CD002F4074 /* TheMovieIMDB.app */ = {isa = PBXFileReference; explicitFileType = wrapper.application; includeInIndex = 0; path = TheMovieIMDB.app; sourceTree = BUILT_PRODUCTS_DIR; };
		837FF33D29B733CD002F4074 /* AppDelegate.swift */ = {isa = PBXFileReference; lastKnownFileType = sourcecode.swift; path = AppDelegate.swift; sourceTree = "<group>"; };
		837FF33F29B733CD002F4074 /* SceneDelegate.swift */ = {isa = PBXFileReference; lastKnownFileType = sourcecode.swift; path = SceneDelegate.swift; sourceTree = "<group>"; };
		837FF34129B733CD002F4074 /* ViewController.swift */ = {isa = PBXFileReference; lastKnownFileType = sourcecode.swift; path = ViewController.swift; sourceTree = "<group>"; };
		837FF34429B733CD002F4074 /* Base */ = {isa = PBXFileReference; lastKnownFileType = file.storyboard; name = Base; path = Base.lproj/Main.storyboard; sourceTree = "<group>"; };
		837FF34629B733CE002F4074 /* Assets.xcassets */ = {isa = PBXFileReference; lastKnownFileType = folder.assetcatalog; path = Assets.xcassets; sourceTree = "<group>"; };
		837FF34929B733CE002F4074 /* Base */ = {isa = PBXFileReference; lastKnownFileType = file.storyboard; name = Base; path = Base.lproj/LaunchScreen.storyboard; sourceTree = "<group>"; };
		837FF34B29B733CE002F4074 /* Info.plist */ = {isa = PBXFileReference; lastKnownFileType = text.plist.xml; path = Info.plist; sourceTree = "<group>"; };
		837FF35029B733CE002F4074 /* TheMovieIMDBTests.xctest */ = {isa = PBXFileReference; explicitFileType = wrapper.cfbundle; includeInIndex = 0; path = TheMovieIMDBTests.xctest; sourceTree = BUILT_PRODUCTS_DIR; };
		837FF35429B733CE002F4074 /* TheMovieIMDBTests.swift */ = {isa = PBXFileReference; lastKnownFileType = sourcecode.swift; path = TheMovieIMDBTests.swift; sourceTree = "<group>"; };
		837FF35A29B733CE002F4074 /* TheMovieIMDBUITests.xctest */ = {isa = PBXFileReference; explicitFileType = wrapper.cfbundle; includeInIndex = 0; path = TheMovieIMDBUITests.xctest; sourceTree = BUILT_PRODUCTS_DIR; };
		837FF35E29B733CE002F4074 /* TheMovieIMDBUITests.swift */ = {isa = PBXFileReference; lastKnownFileType = sourcecode.swift; path = TheMovieIMDBUITests.swift; sourceTree = "<group>"; };
		837FF36029B733CE002F4074 /* TheMovieIMDBUITestsLaunchTests.swift */ = {isa = PBXFileReference; lastKnownFileType = sourcecode.swift; path = TheMovieIMDBUITestsLaunchTests.swift; sourceTree = "<group>"; };
		934A05D2C0E363EF7E398676 /* Pods-TheMovieIMDB.release.xcconfig */ = {isa = PBXFileReference; includeInIndex = 1; lastKnownFileType = text.xcconfig; name = "Pods-TheMovieIMDB.release.xcconfig"; path = "Target Support Files/Pods-TheMovieIMDB/Pods-TheMovieIMDB.release.xcconfig"; sourceTree = "<group>"; };
		A0F65300759ECBF83CF85E35 /* Pods-TheMovieIMDB-TheMovieIMDBUITests.debug.xcconfig */ = {isa = PBXFileReference; includeInIndex = 1; lastKnownFileType = text.xcconfig; name = "Pods-TheMovieIMDB-TheMovieIMDBUITests.debug.xcconfig"; path = "Target Support Files/Pods-TheMovieIMDB-TheMovieIMDBUITests/Pods-TheMovieIMDB-TheMovieIMDBUITests.debug.xcconfig"; sourceTree = "<group>"; };
		BD8E2688ABB13A8FE31A3C71 /* Pods-TheMovieIMDBTests.debug.xcconfig */ = {isa = PBXFileReference; includeInIndex = 1; lastKnownFileType = text.xcconfig; name = "Pods-TheMovieIMDBTests.debug.xcconfig"; path = "Target Support Files/Pods-TheMovieIMDBTests/Pods-TheMovieIMDBTests.debug.xcconfig"; sourceTree = "<group>"; };
		EF06EBBBF9D6E3B6DA555EAC /* Pods-TheMovieIMDBTests.release.xcconfig */ = {isa = PBXFileReference; includeInIndex = 1; lastKnownFileType = text.xcconfig; name = "Pods-TheMovieIMDBTests.release.xcconfig"; path = "Target Support Files/Pods-TheMovieIMDBTests/Pods-TheMovieIMDBTests.release.xcconfig"; sourceTree = "<group>"; };
		F87A1F44CD87C651865756DF /* Pods_TheMovieIMDB_TheMovieIMDBUITests.framework */ = {isa = PBXFileReference; explicitFileType = wrapper.framework; includeInIndex = 0; path = Pods_TheMovieIMDB_TheMovieIMDBUITests.framework; sourceTree = BUILT_PRODUCTS_DIR; };
/* End PBXFileReference section */

/* Begin PBXFrameworksBuildPhase section */
		837FF33729B733CD002F4074 /* Frameworks */ = {
			isa = PBXFrameworksBuildPhase;
			buildActionMask = 2147483647;
			files = (
				3F3866525709FB7924A9AF33 /* Pods_TheMovieIMDB.framework in Frameworks */,
			);
			runOnlyForDeploymentPostprocessing = 0;
		};
		837FF34D29B733CE002F4074 /* Frameworks */ = {
			isa = PBXFrameworksBuildPhase;
			buildActionMask = 2147483647;
			files = (
				5036893136EEBC252A96D916 /* Pods_TheMovieIMDBTests.framework in Frameworks */,
			);
			runOnlyForDeploymentPostprocessing = 0;
		};
		837FF35729B733CE002F4074 /* Frameworks */ = {
			isa = PBXFrameworksBuildPhase;
			buildActionMask = 2147483647;
			files = (
				3798823BE7DBA010A6E4218B /* Pods_TheMovieIMDB_TheMovieIMDBUITests.framework in Frameworks */,
			);
			runOnlyForDeploymentPostprocessing = 0;
		};
/* End PBXFrameworksBuildPhase section */

/* Begin PBXGroup section */
		837FF33129B733CD002F4074 = {
			isa = PBXGroup;
			children = (
				837FF33C29B733CD002F4074 /* TheMovieIMDB */,
				837FF35329B733CE002F4074 /* TheMovieIMDBTests */,
				837FF35D29B733CE002F4074 /* TheMovieIMDBUITests */,
				837FF33B29B733CD002F4074 /* Products */,
				8FEF1266BC8AC9F7155A2EDC /* Pods */,
				F906EBD49278A2549379CDB5 /* Frameworks */,
			);
			sourceTree = "<group>";
		};
		837FF33B29B733CD002F4074 /* Products */ = {
			isa = PBXGroup;
			children = (
				837FF33A29B733CD002F4074 /* TheMovieIMDB.app */,
				837FF35029B733CE002F4074 /* TheMovieIMDBTests.xctest */,
				837FF35A29B733CE002F4074 /* TheMovieIMDBUITests.xctest */,
			);
			name = Products;
			sourceTree = "<group>";
		};
		837FF33C29B733CD002F4074 /* TheMovieIMDB */ = {
			isa = PBXGroup;
			children = (
				837FF33D29B733CD002F4074 /* AppDelegate.swift */,
				837FF33F29B733CD002F4074 /* SceneDelegate.swift */,
				837FF34129B733CD002F4074 /* ViewController.swift */,
				837FF34329B733CD002F4074 /* Main.storyboard */,
				837FF34629B733CE002F4074 /* Assets.xcassets */,
				837FF34829B733CE002F4074 /* LaunchScreen.storyboard */,
				837FF34B29B733CE002F4074 /* Info.plist */,
			);
			path = TheMovieIMDB;
			sourceTree = "<group>";
		};
		837FF35329B733CE002F4074 /* TheMovieIMDBTests */ = {
			isa = PBXGroup;
			children = (
				837FF35429B733CE002F4074 /* TheMovieIMDBTests.swift */,
			);
			path = TheMovieIMDBTests;
			sourceTree = "<group>";
		};
		837FF35D29B733CE002F4074 /* TheMovieIMDBUITests */ = {
			isa = PBXGroup;
			children = (
				837FF35E29B733CE002F4074 /* TheMovieIMDBUITests.swift */,
				837FF36029B733CE002F4074 /* TheMovieIMDBUITestsLaunchTests.swift */,
			);
			path = TheMovieIMDBUITests;
			sourceTree = "<group>";
		};
		8FEF1266BC8AC9F7155A2EDC /* Pods */ = {
			isa = PBXGroup;
			children = (
				810AF43919B976113FBC7011 /* Pods-TheMovieIMDB.debug.xcconfig */,
				934A05D2C0E363EF7E398676 /* Pods-TheMovieIMDB.release.xcconfig */,
				A0F65300759ECBF83CF85E35 /* Pods-TheMovieIMDB-TheMovieIMDBUITests.debug.xcconfig */,
				4292B887A2C2491A8F1EEF99 /* Pods-TheMovieIMDB-TheMovieIMDBUITests.release.xcconfig */,
				BD8E2688ABB13A8FE31A3C71 /* Pods-TheMovieIMDBTests.debug.xcconfig */,
				EF06EBBBF9D6E3B6DA555EAC /* Pods-TheMovieIMDBTests.release.xcconfig */,
			);
			name = Pods;
			path = Pods;
			sourceTree = "<group>";
		};
		F906EBD49278A2549379CDB5 /* Frameworks */ = {
			isa = PBXGroup;
			children = (
				4DF1F51350307389F75696CA /* Pods_TheMovieIMDB.framework */,
				F87A1F44CD87C651865756DF /* Pods_TheMovieIMDB_TheMovieIMDBUITests.framework */,
				53AA62E9ADF7EEF070B9869F /* Pods_TheMovieIMDBTests.framework */,
			);
			name = Frameworks;
			sourceTree = "<group>";
		};
/* End PBXGroup section */

/* Begin PBXNativeTarget section */
		837FF33929B733CD002F4074 /* TheMovieIMDB */ = {
			isa = PBXNativeTarget;
			buildConfigurationList = 837FF36429B733CE002F4074 /* Build configuration list for PBXNativeTarget "TheMovieIMDB" */;
			buildPhases = (
				92D5A71D2B1B9FF5512240B9 /* [CP] Check Pods Manifest.lock */,
				837FF33629B733CD002F4074 /* Sources */,
				837FF33729B733CD002F4074 /* Frameworks */,
				837FF33829B733CD002F4074 /* Resources */,
				3894F649B4754526AB66ED0A /* [CP] Embed Pods Frameworks */,
			);
			buildRules = (
			);
			dependencies = (
			);
			name = TheMovieIMDB;
			productName = TheMovieIMDB;
			productReference = 837FF33A29B733CD002F4074 /* TheMovieIMDB.app */;
			productType = "com.apple.product-type.application";
		};
		837FF34F29B733CE002F4074 /* TheMovieIMDBTests */ = {
			isa = PBXNativeTarget;
			buildConfigurationList = 837FF36729B733CE002F4074 /* Build configuration list for PBXNativeTarget "TheMovieIMDBTests" */;
			buildPhases = (
				CFCB645605E83CF205C07772 /* [CP] Check Pods Manifest.lock */,
				837FF34C29B733CE002F4074 /* Sources */,
				837FF34D29B733CE002F4074 /* Frameworks */,
				837FF34E29B733CE002F4074 /* Resources */,
				D71912D54E332E69F9E3C5D4 /* [CP] Embed Pods Frameworks */,
			);
			buildRules = (
			);
			dependencies = (
				837FF35229B733CE002F4074 /* PBXTargetDependency */,
			);
			name = TheMovieIMDBTests;
			productName = TheMovieIMDBTests;
			productReference = 837FF35029B733CE002F4074 /* TheMovieIMDBTests.xctest */;
			productType = "com.apple.product-type.bundle.unit-test";
		};
		837FF35929B733CE002F4074 /* TheMovieIMDBUITests */ = {
			isa = PBXNativeTarget;
			buildConfigurationList = 837FF36A29B733CE002F4074 /* Build configuration list for PBXNativeTarget "TheMovieIMDBUITests" */;
			buildPhases = (
				D0EEBA584EDE74FA551A4E6D /* [CP] Check Pods Manifest.lock */,
				837FF35629B733CE002F4074 /* Sources */,
				837FF35729B733CE002F4074 /* Frameworks */,
				837FF35829B733CE002F4074 /* Resources */,
				48C97860DD1FA30E04934332 /* [CP] Embed Pods Frameworks */,
			);
			buildRules = (
			);
			dependencies = (
				837FF35C29B733CE002F4074 /* PBXTargetDependency */,
			);
			name = TheMovieIMDBUITests;
			productName = TheMovieIMDBUITests;
			productReference = 837FF35A29B733CE002F4074 /* TheMovieIMDBUITests.xctest */;
			productType = "com.apple.product-type.bundle.ui-testing";
		};
/* End PBXNativeTarget section */

/* Begin PBXProject section */
		837FF33229B733CD002F4074 /* Project object */ = {
			isa = PBXProject;
			attributes = {
				BuildIndependentTargetsInParallel = 1;
				LastSwiftUpdateCheck = 1420;
				LastUpgradeCheck = 1420;
				TargetAttributes = {
					837FF33929B733CD002F4074 = {
						CreatedOnToolsVersion = 14.2;
					};
					837FF34F29B733CE002F4074 = {
						CreatedOnToolsVersion = 14.2;
						TestTargetID = 837FF33929B733CD002F4074;
					};
					837FF35929B733CE002F4074 = {
						CreatedOnToolsVersion = 14.2;
						TestTargetID = 837FF33929B733CD002F4074;
					};
				};
			};
			buildConfigurationList = 837FF33529B733CD002F4074 /* Build configuration list for PBXProject "TheMovieIMDB" */;
			compatibilityVersion = "Xcode 13.0";
			developmentRegion = en;
			hasScannedForEncodings = 0;
			knownRegions = (
				en,
				Base,
			);
			mainGroup = 837FF33129B733CD002F4074;
			productRefGroup = 837FF33B29B733CD002F4074 /* Products */;
			projectDirPath = "";
			projectRoot = "";
			targets = (
				837FF33929B733CD002F4074 /* TheMovieIMDB */,
				837FF34F29B733CE002F4074 /* TheMovieIMDBTests */,
				837FF35929B733CE002F4074 /* TheMovieIMDBUITests */,
			);
		};
/* End PBXProject section */

/* Begin PBXResourcesBuildPhase section */
		837FF33829B733CD002F4074 /* Resources */ = {
			isa = PBXResourcesBuildPhase;
			buildActionMask = 2147483647;
			files = (
				837FF34A29B733CE002F4074 /* LaunchScreen.storyboard in Resources */,
				837FF34729B733CE002F4074 /* Assets.xcassets in Resources */,
				837FF34529B733CD002F4074 /* Main.storyboard in Resources */,
			);
			runOnlyForDeploymentPostprocessing = 0;
		};
		837FF34E29B733CE002F4074 /* Resources */ = {
			isa = PBXResourcesBuildPhase;
			buildActionMask = 2147483647;
			files = (
			);
			runOnlyForDeploymentPostprocessing = 0;
		};
		837FF35829B733CE002F4074 /* Resources */ = {
			isa = PBXResourcesBuildPhase;
			buildActionMask = 2147483647;
			files = (
			);
			runOnlyForDeploymentPostprocessing = 0;
		};
/* End PBXResourcesBuildPhase section */

/* Begin PBXShellScriptBuildPhase section */
		3894F649B4754526AB66ED0A /* [CP] Embed Pods Frameworks */ = {
			isa = PBXShellScriptBuildPhase;
			buildActionMask = 2147483647;
			files = (
			);
			inputFileListPaths = (
				"${PODS_ROOT}/Target Support Files/Pods-TheMovieIMDB/Pods-TheMovieIMDB-frameworks-${CONFIGURATION}-input-files.xcfilelist",
			);
			name = "[CP] Embed Pods Frameworks";
			outputFileListPaths = (
				"${PODS_ROOT}/Target Support Files/Pods-TheMovieIMDB/Pods-TheMovieIMDB-frameworks-${CONFIGURATION}-output-files.xcfilelist",
			);
			runOnlyForDeploymentPostprocessing = 0;
			shellPath = /bin/sh;
			shellScript = "\"${PODS_ROOT}/Target Support Files/Pods-TheMovieIMDB/Pods-TheMovieIMDB-frameworks.sh\"\n";
			showEnvVarsInLog = 0;
		};
		48C97860DD1FA30E04934332 /* [CP] Embed Pods Frameworks */ = {
			isa = PBXShellScriptBuildPhase;
			buildActionMask = 2147483647;
			files = (
			);
			inputFileListPaths = (
				"${PODS_ROOT}/Target Support Files/Pods-TheMovieIMDB-TheMovieIMDBUITests/Pods-TheMovieIMDB-TheMovieIMDBUITests-frameworks-${CONFIGURATION}-input-files.xcfilelist",
			);
			name = "[CP] Embed Pods Frameworks";
			outputFileListPaths = (
				"${PODS_ROOT}/Target Support Files/Pods-TheMovieIMDB-TheMovieIMDBUITests/Pods-TheMovieIMDB-TheMovieIMDBUITests-frameworks-${CONFIGURATION}-output-files.xcfilelist",
			);
			runOnlyForDeploymentPostprocessing = 0;
			shellPath = /bin/sh;
			shellScript = "\"${PODS_ROOT}/Target Support Files/Pods-TheMovieIMDB-TheMovieIMDBUITests/Pods-TheMovieIMDB-TheMovieIMDBUITests-frameworks.sh\"\n";
			showEnvVarsInLog = 0;
		};
		92D5A71D2B1B9FF5512240B9 /* [CP] Check Pods Manifest.lock */ = {
			isa = PBXShellScriptBuildPhase;
			buildActionMask = 2147483647;
			files = (
			);
			inputFileListPaths = (
			);
			inputPaths = (
				"${PODS_PODFILE_DIR_PATH}/Podfile.lock",
				"${PODS_ROOT}/Manifest.lock",
			);
			name = "[CP] Check Pods Manifest.lock";
			outputFileListPaths = (
			);
			outputPaths = (
				"$(DERIVED_FILE_DIR)/Pods-TheMovieIMDB-checkManifestLockResult.txt",
			);
			runOnlyForDeploymentPostprocessing = 0;
			shellPath = /bin/sh;
			shellScript = "diff \"${PODS_PODFILE_DIR_PATH}/Podfile.lock\" \"${PODS_ROOT}/Manifest.lock\" > /dev/null\nif [ $? != 0 ] ; then\n    # print error to STDERR\n    echo \"error: The sandbox is not in sync with the Podfile.lock. Run 'pod install' or update your CocoaPods installation.\" >&2\n    exit 1\nfi\n# This output is used by Xcode 'outputs' to avoid re-running this script phase.\necho \"SUCCESS\" > \"${SCRIPT_OUTPUT_FILE_0}\"\n";
			showEnvVarsInLog = 0;
		};
		CFCB645605E83CF205C07772 /* [CP] Check Pods Manifest.lock */ = {
			isa = PBXShellScriptBuildPhase;
			buildActionMask = 2147483647;
			files = (
			);
			inputFileListPaths = (
			);
			inputPaths = (
				"${PODS_PODFILE_DIR_PATH}/Podfile.lock",
				"${PODS_ROOT}/Manifest.lock",
			);
			name = "[CP] Check Pods Manifest.lock";
			outputFileListPaths = (
			);
			outputPaths = (
				"$(DERIVED_FILE_DIR)/Pods-TheMovieIMDBTests-checkManifestLockResult.txt",
			);
			runOnlyForDeploymentPostprocessing = 0;
			shellPath = /bin/sh;
			shellScript = "diff \"${PODS_PODFILE_DIR_PATH}/Podfile.lock\" \"${PODS_ROOT}/Manifest.lock\" > /dev/null\nif [ $? != 0 ] ; then\n    # print error to STDERR\n    echo \"error: The sandbox is not in sync with the Podfile.lock. Run 'pod install' or update your CocoaPods installation.\" >&2\n    exit 1\nfi\n# This output is used by Xcode 'outputs' to avoid re-running this script phase.\necho \"SUCCESS\" > \"${SCRIPT_OUTPUT_FILE_0}\"\n";
			showEnvVarsInLog = 0;
		};
		D0EEBA584EDE74FA551A4E6D /* [CP] Check Pods Manifest.lock */ = {
			isa = PBXShellScriptBuildPhase;
			buildActionMask = 2147483647;
			files = (
			);
			inputFileListPaths = (
			);
			inputPaths = (
				"${PODS_PODFILE_DIR_PATH}/Podfile.lock",
				"${PODS_ROOT}/Manifest.lock",
			);
			name = "[CP] Check Pods Manifest.lock";
			outputFileListPaths = (
			);
			outputPaths = (
				"$(DERIVED_FILE_DIR)/Pods-TheMovieIMDB-TheMovieIMDBUITests-checkManifestLockResult.txt",
			);
			runOnlyForDeploymentPostprocessing = 0;
			shellPath = /bin/sh;
			shellScript = "diff \"${PODS_PODFILE_DIR_PATH}/Podfile.lock\" \"${PODS_ROOT}/Manifest.lock\" > /dev/null\nif [ $? != 0 ] ; then\n    # print error to STDERR\n    echo \"error: The sandbox is not in sync with the Podfile.lock. Run 'pod install' or update your CocoaPods installation.\" >&2\n    exit 1\nfi\n# This output is used by Xcode 'outputs' to avoid re-running this script phase.\necho \"SUCCESS\" > \"${SCRIPT_OUTPUT_FILE_0}\"\n";
			showEnvVarsInLog = 0;
		};
		D71912D54E332E69F9E3C5D4 /* [CP] Embed Pods Frameworks */ = {
			isa = PBXShellScriptBuildPhase;
			buildActionMask = 2147483647;
			files = (
			);
			inputFileListPaths = (
				"${PODS_ROOT}/Target Support Files/Pods-TheMovieIMDBTests/Pods-TheMovieIMDBTests-frameworks-${CONFIGURATION}-input-files.xcfilelist",
			);
			name = "[CP] Embed Pods Frameworks";
			outputFileListPaths = (
				"${PODS_ROOT}/Target Support Files/Pods-TheMovieIMDBTests/Pods-TheMovieIMDBTests-frameworks-${CONFIGURATION}-output-files.xcfilelist",
			);
			runOnlyForDeploymentPostprocessing = 0;
			shellPath = /bin/sh;
			shellScript = "\"${PODS_ROOT}/Target Support Files/Pods-TheMovieIMDBTests/Pods-TheMovieIMDBTests-frameworks.sh\"\n";
			showEnvVarsInLog = 0;
		};
/* End PBXShellScriptBuildPhase section */

/* Begin PBXSourcesBuildPhase section */
		837FF33629B733CD002F4074 /* Sources */ = {
			isa = PBXSourcesBuildPhase;
			buildActionMask = 2147483647;
			files = (
				837FF34229B733CD002F4074 /* ViewController.swift in Sources */,
				837FF33E29B733CD002F4074 /* AppDelegate.swift in Sources */,
				837FF34029B733CD002F4074 /* SceneDelegate.swift in Sources */,
			);
			runOnlyForDeploymentPostprocessing = 0;
		};
		837FF34C29B733CE002F4074 /* Sources */ = {
			isa = PBXSourcesBuildPhase;
			buildActionMask = 2147483647;
			files = (
				837FF35529B733CE002F4074 /* TheMovieIMDBTests.swift in Sources */,
			);
			runOnlyForDeploymentPostprocessing = 0;
		};
		837FF35629B733CE002F4074 /* Sources */ = {
			isa = PBXSourcesBuildPhase;
			buildActionMask = 2147483647;
			files = (
				837FF35F29B733CE002F4074 /* TheMovieIMDBUITests.swift in Sources */,
				837FF36129B733CE002F4074 /* TheMovieIMDBUITestsLaunchTests.swift in Sources */,
			);
			runOnlyForDeploymentPostprocessing = 0;
		};
/* End PBXSourcesBuildPhase section */

/* Begin PBXTargetDependency section */
		837FF35229B733CE002F4074 /* PBXTargetDependency */ = {
			isa = PBXTargetDependency;
			target = 837FF33929B733CD002F4074 /* TheMovieIMDB */;
			targetProxy = 837FF35129B733CE002F4074 /* PBXContainerItemProxy */;
		};
		837FF35C29B733CE002F4074 /* PBXTargetDependency */ = {
			isa = PBXTargetDependency;
			target = 837FF33929B733CD002F4074 /* TheMovieIMDB */;
			targetProxy = 837FF35B29B733CE002F4074 /* PBXContainerItemProxy */;
		};
/* End PBXTargetDependency section */

/* Begin PBXVariantGroup section */
		837FF34329B733CD002F4074 /* Main.storyboard */ = {
			isa = PBXVariantGroup;
			children = (
				837FF34429B733CD002F4074 /* Base */,
			);
			name = Main.storyboard;
			sourceTree = "<group>";
		};
		837FF34829B733CE002F4074 /* LaunchScreen.storyboard */ = {
			isa = PBXVariantGroup;
			children = (
				837FF34929B733CE002F4074 /* Base */,
			);
			name = LaunchScreen.storyboard;
			sourceTree = "<group>";
		};
/* End PBXVariantGroup section */

/* Begin XCBuildConfiguration section */
		837FF36229B733CE002F4074 /* Debug */ = {
			isa = XCBuildConfiguration;
			buildSettings = {
				ALWAYS_SEARCH_USER_PATHS = NO;
				CLANG_ANALYZER_NONNULL = YES;
				CLANG_ANALYZER_NUMBER_OBJECT_CONVERSION = YES_AGGRESSIVE;
				CLANG_CXX_LANGUAGE_STANDARD = "gnu++20";
				CLANG_ENABLE_MODULES = YES;
				CLANG_ENABLE_OBJC_ARC = YES;
				CLANG_ENABLE_OBJC_WEAK = YES;
				CLANG_WARN_BLOCK_CAPTURE_AUTORELEASING = YES;
				CLANG_WARN_BOOL_CONVERSION = YES;
				CLANG_WARN_COMMA = YES;
				CLANG_WARN_CONSTANT_CONVERSION = YES;
				CLANG_WARN_DEPRECATED_OBJC_IMPLEMENTATIONS = YES;
				CLANG_WARN_DIRECT_OBJC_ISA_USAGE = YES_ERROR;
				CLANG_WARN_DOCUMENTATION_COMMENTS = YES;
				CLANG_WARN_EMPTY_BODY = YES;
				CLANG_WARN_ENUM_CONVERSION = YES;
				CLANG_WARN_INFINITE_RECURSION = YES;
				CLANG_WARN_INT_CONVERSION = YES;
				CLANG_WARN_NON_LITERAL_NULL_CONVERSION = YES;
				CLANG_WARN_OBJC_IMPLICIT_RETAIN_SELF = YES;
				CLANG_WARN_OBJC_LITERAL_CONVERSION = YES;
				CLANG_WARN_OBJC_ROOT_CLASS = YES_ERROR;
				CLANG_WARN_QUOTED_INCLUDE_IN_FRAMEWORK_HEADER = YES;
				CLANG_WARN_RANGE_LOOP_ANALYSIS = YES;
				CLANG_WARN_STRICT_PROTOTYPES = YES;
				CLANG_WARN_SUSPICIOUS_MOVE = YES;
				CLANG_WARN_UNGUARDED_AVAILABILITY = YES_AGGRESSIVE;
				CLANG_WARN_UNREACHABLE_CODE = YES;
				CLANG_WARN__DUPLICATE_METHOD_MATCH = YES;
				COPY_PHASE_STRIP = NO;
				DEBUG_INFORMATION_FORMAT = dwarf;
				ENABLE_STRICT_OBJC_MSGSEND = YES;
				ENABLE_TESTABILITY = YES;
				GCC_C_LANGUAGE_STANDARD = gnu11;
				GCC_DYNAMIC_NO_PIC = NO;
				GCC_NO_COMMON_BLOCKS = YES;
				GCC_OPTIMIZATION_LEVEL = 0;
				GCC_PREPROCESSOR_DEFINITIONS = (
					"DEBUG=1",
					"$(inherited)",
				);
				GCC_WARN_64_TO_32_BIT_CONVERSION = YES;
				GCC_WARN_ABOUT_RETURN_TYPE = YES_ERROR;
				GCC_WARN_UNDECLARED_SELECTOR = YES;
				GCC_WARN_UNINITIALIZED_AUTOS = YES_AGGRESSIVE;
				GCC_WARN_UNUSED_FUNCTION = YES;
				GCC_WARN_UNUSED_VARIABLE = YES;
				IPHONEOS_DEPLOYMENT_TARGET = 15.0;
				MTL_ENABLE_DEBUG_INFO = INCLUDE_SOURCE;
				MTL_FAST_MATH = YES;
				ONLY_ACTIVE_ARCH = YES;
				SDKROOT = iphoneos;
				SWIFT_ACTIVE_COMPILATION_CONDITIONS = DEBUG;
				SWIFT_OPTIMIZATION_LEVEL = "-Onone";
			};
			name = Debug;
		};
		837FF36329B733CE002F4074 /* Release */ = {
			isa = XCBuildConfiguration;
			buildSettings = {
				ALWAYS_SEARCH_USER_PATHS = NO;
				CLANG_ANALYZER_NONNULL = YES;
				CLANG_ANALYZER_NUMBER_OBJECT_CONVERSION = YES_AGGRESSIVE;
				CLANG_CXX_LANGUAGE_STANDARD = "gnu++20";
				CLANG_ENABLE_MODULES = YES;
				CLANG_ENABLE_OBJC_ARC = YES;
				CLANG_ENABLE_OBJC_WEAK = YES;
				CLANG_WARN_BLOCK_CAPTURE_AUTORELEASING = YES;
				CLANG_WARN_BOOL_CONVERSION = YES;
				CLANG_WARN_COMMA = YES;
				CLANG_WARN_CONSTANT_CONVERSION = YES;
				CLANG_WARN_DEPRECATED_OBJC_IMPLEMENTATIONS = YES;
				CLANG_WARN_DIRECT_OBJC_ISA_USAGE = YES_ERROR;
				CLANG_WARN_DOCUMENTATION_COMMENTS = YES;
				CLANG_WARN_EMPTY_BODY = YES;
				CLANG_WARN_ENUM_CONVERSION = YES;
				CLANG_WARN_INFINITE_RECURSION = YES;
				CLANG_WARN_INT_CONVERSION = YES;
				CLANG_WARN_NON_LITERAL_NULL_CONVERSION = YES;
				CLANG_WARN_OBJC_IMPLICIT_RETAIN_SELF = YES;
				CLANG_WARN_OBJC_LITERAL_CONVERSION = YES;
				CLANG_WARN_OBJC_ROOT_CLASS = YES_ERROR;
				CLANG_WARN_QUOTED_INCLUDE_IN_FRAMEWORK_HEADER = YES;
				CLANG_WARN_RANGE_LOOP_ANALYSIS = YES;
				CLANG_WARN_STRICT_PROTOTYPES = YES;
				CLANG_WARN_SUSPICIOUS_MOVE = YES;
				CLANG_WARN_UNGUARDED_AVAILABILITY = YES_AGGRESSIVE;
				CLANG_WARN_UNREACHABLE_CODE = YES;
				CLANG_WARN__DUPLICATE_METHOD_MATCH = YES;
				COPY_PHASE_STRIP = NO;
				DEBUG_INFORMATION_FORMAT = "dwarf-with-dsym";
				ENABLE_NS_ASSERTIONS = NO;
				ENABLE_STRICT_OBJC_MSGSEND = YES;
				GCC_C_LANGUAGE_STANDARD = gnu11;
				GCC_NO_COMMON_BLOCKS = YES;
				GCC_WARN_64_TO_32_BIT_CONVERSION = YES;
				GCC_WARN_ABOUT_RETURN_TYPE = YES_ERROR;
				GCC_WARN_UNDECLARED_SELECTOR = YES;
				GCC_WARN_UNINITIALIZED_AUTOS = YES_AGGRESSIVE;
				GCC_WARN_UNUSED_FUNCTION = YES;
				GCC_WARN_UNUSED_VARIABLE = YES;
				IPHONEOS_DEPLOYMENT_TARGET = 15.0;
				MTL_ENABLE_DEBUG_INFO = NO;
				MTL_FAST_MATH = YES;
				SDKROOT = iphoneos;
				SWIFT_COMPILATION_MODE = wholemodule;
				SWIFT_OPTIMIZATION_LEVEL = "-O";
				VALIDATE_PRODUCT = YES;
			};
			name = Release;
		};
		837FF36529B733CE002F4074 /* Debug */ = {
			isa = XCBuildConfiguration;
			baseConfigurationReference = 810AF43919B976113FBC7011 /* Pods-TheMovieIMDB.debug.xcconfig */;
			buildSettings = {
				ASSETCATALOG_COMPILER_APPICON_NAME = AppIcon;
				ASSETCATALOG_COMPILER_GLOBAL_ACCENT_COLOR_NAME = AccentColor;
				CODE_SIGN_STYLE = Automatic;
				CURRENT_PROJECT_VERSION = 1;
				DEVELOPMENT_TEAM = 74Z89SGR3Z;
				GENERATE_INFOPLIST_FILE = YES;
				INFOPLIST_FILE = TheMovieIMDB/Info.plist;
				INFOPLIST_KEY_UIApplicationSupportsIndirectInputEvents = YES;
				INFOPLIST_KEY_UILaunchStoryboardName = LaunchScreen;
				INFOPLIST_KEY_UIMainStoryboardFile = Main;
				INFOPLIST_KEY_UISupportedInterfaceOrientations_iPad = "UIInterfaceOrientationPortrait UIInterfaceOrientationPortraitUpsideDown UIInterfaceOrientationLandscapeLeft UIInterfaceOrientationLandscapeRight";
				INFOPLIST_KEY_UISupportedInterfaceOrientations_iPhone = "UIInterfaceOrientationPortrait UIInterfaceOrientationLandscapeLeft UIInterfaceOrientationLandscapeRight";
				IPHONEOS_DEPLOYMENT_TARGET = 15.0;
				LD_RUNPATH_SEARCH_PATHS = (
					"$(inherited)",
					"@executable_path/Frameworks",
				);
				MARKETING_VERSION = 1.0;
				PRODUCT_BUNDLE_IDENTIFIER = com.renzoalvaroshan.TheMovieIMDB;
				PRODUCT_NAME = "$(TARGET_NAME)";
				SWIFT_EMIT_LOC_STRINGS = YES;
				SWIFT_VERSION = 5.0;
				TARGETED_DEVICE_FAMILY = "1,2";
			};
			name = Debug;
		};
		837FF36629B733CE002F4074 /* Release */ = {
			isa = XCBuildConfiguration;
			baseConfigurationReference = 934A05D2C0E363EF7E398676 /* Pods-TheMovieIMDB.release.xcconfig */;
			buildSettings = {
				ASSETCATALOG_COMPILER_APPICON_NAME = AppIcon;
				ASSETCATALOG_COMPILER_GLOBAL_ACCENT_COLOR_NAME = AccentColor;
				CODE_SIGN_STYLE = Automatic;
				CURRENT_PROJECT_VERSION = 1;
				DEVELOPMENT_TEAM = 74Z89SGR3Z;
				GENERATE_INFOPLIST_FILE = YES;
				INFOPLIST_FILE = TheMovieIMDB/Info.plist;
				INFOPLIST_KEY_UIApplicationSupportsIndirectInputEvents = YES;
				INFOPLIST_KEY_UILaunchStoryboardName = LaunchScreen;
				INFOPLIST_KEY_UIMainStoryboardFile = Main;
				INFOPLIST_KEY_UISupportedInterfaceOrientations_iPad = "UIInterfaceOrientationPortrait UIInterfaceOrientationPortraitUpsideDown UIInterfaceOrientationLandscapeLeft UIInterfaceOrientationLandscapeRight";
				INFOPLIST_KEY_UISupportedInterfaceOrientations_iPhone = "UIInterfaceOrientationPortrait UIInterfaceOrientationLandscapeLeft UIInterfaceOrientationLandscapeRight";
				IPHONEOS_DEPLOYMENT_TARGET = 15.0;
				LD_RUNPATH_SEARCH_PATHS = (
					"$(inherited)",
					"@executable_path/Frameworks",
				);
				MARKETING_VERSION = 1.0;
				PRODUCT_BUNDLE_IDENTIFIER = com.renzoalvaroshan.TheMovieIMDB;
				PRODUCT_NAME = "$(TARGET_NAME)";
				SWIFT_EMIT_LOC_STRINGS = YES;
				SWIFT_VERSION = 5.0;
				TARGETED_DEVICE_FAMILY = "1,2";
			};
			name = Release;
		};
		837FF36829B733CE002F4074 /* Debug */ = {
			isa = XCBuildConfiguration;
			baseConfigurationReference = BD8E2688ABB13A8FE31A3C71 /* Pods-TheMovieIMDBTests.debug.xcconfig */;
			buildSettings = {
				ALWAYS_EMBED_SWIFT_STANDARD_LIBRARIES = YES;
				BUNDLE_LOADER = "$(TEST_HOST)";
				CODE_SIGN_STYLE = Automatic;
				CURRENT_PROJECT_VERSION = 1;
				DEVELOPMENT_TEAM = 74Z89SGR3Z;
				GENERATE_INFOPLIST_FILE = YES;
				IPHONEOS_DEPLOYMENT_TARGET = 15.0;
				MARKETING_VERSION = 1.0;
				PRODUCT_BUNDLE_IDENTIFIER = com.renzoalvaroshan.TheMovieIMDBTests;
				PRODUCT_NAME = "$(TARGET_NAME)";
				SWIFT_EMIT_LOC_STRINGS = NO;
				SWIFT_VERSION = 5.0;
				TARGETED_DEVICE_FAMILY = "1,2";
				TEST_HOST = "$(BUILT_PRODUCTS_DIR)/TheMovieIMDB.app/$(BUNDLE_EXECUTABLE_FOLDER_PATH)/TheMovieIMDB";
			};
			name = Debug;
		};
		837FF36929B733CE002F4074 /* Release */ = {
			isa = XCBuildConfiguration;
			baseConfigurationReference = EF06EBBBF9D6E3B6DA555EAC /* Pods-TheMovieIMDBTests.release.xcconfig */;
			buildSettings = {
				ALWAYS_EMBED_SWIFT_STANDARD_LIBRARIES = YES;
				BUNDLE_LOADER = "$(TEST_HOST)";
				CODE_SIGN_STYLE = Automatic;
				CURRENT_PROJECT_VERSION = 1;
				DEVELOPMENT_TEAM = 74Z89SGR3Z;
				GENERATE_INFOPLIST_FILE = YES;
				IPHONEOS_DEPLOYMENT_TARGET = 15.0;
				MARKETING_VERSION = 1.0;
				PRODUCT_BUNDLE_IDENTIFIER = com.renzoalvaroshan.TheMovieIMDBTests;
				PRODUCT_NAME = "$(TARGET_NAME)";
				SWIFT_EMIT_LOC_STRINGS = NO;
				SWIFT_VERSION = 5.0;
				TARGETED_DEVICE_FAMILY = "1,2";
				TEST_HOST = "$(BUILT_PRODUCTS_DIR)/TheMovieIMDB.app/$(BUNDLE_EXECUTABLE_FOLDER_PATH)/TheMovieIMDB";
			};
			name = Release;
		};
		837FF36B29B733CE002F4074 /* Debug */ = {
			isa = XCBuildConfiguration;
			baseConfigurationReference = A0F65300759ECBF83CF85E35 /* Pods-TheMovieIMDB-TheMovieIMDBUITests.debug.xcconfig */;
			buildSettings = {
				ALWAYS_EMBED_SWIFT_STANDARD_LIBRARIES = YES;
				CODE_SIGN_STYLE = Automatic;
				CURRENT_PROJECT_VERSION = 1;
				DEVELOPMENT_TEAM = 74Z89SGR3Z;
				GENERATE_INFOPLIST_FILE = YES;
				IPHONEOS_DEPLOYMENT_TARGET = 15.0;
				MARKETING_VERSION = 1.0;
				PRODUCT_BUNDLE_IDENTIFIER = com.renzoalvaroshan.TheMovieIMDBUITests;
				PRODUCT_NAME = "$(TARGET_NAME)";
				SWIFT_EMIT_LOC_STRINGS = NO;
				SWIFT_VERSION = 5.0;
				TARGETED_DEVICE_FAMILY = "1,2";
				TEST_TARGET_NAME = TheMovieIMDB;
			};
			name = Debug;
		};
		837FF36C29B733CE002F4074 /* Release */ = {
			isa = XCBuildConfiguration;
			baseConfigurationReference = 4292B887A2C2491A8F1EEF99 /* Pods-TheMovieIMDB-TheMovieIMDBUITests.release.xcconfig */;
			buildSettings = {
				ALWAYS_EMBED_SWIFT_STANDARD_LIBRARIES = YES;
				CODE_SIGN_STYLE = Automatic;
				CURRENT_PROJECT_VERSION = 1;
				DEVELOPMENT_TEAM = 74Z89SGR3Z;
				GENERATE_INFOPLIST_FILE = YES;
				IPHONEOS_DEPLOYMENT_TARGET = 15.0;
				MARKETING_VERSION = 1.0;
				PRODUCT_BUNDLE_IDENTIFIER = com.renzoalvaroshan.TheMovieIMDBUITests;
				PRODUCT_NAME = "$(TARGET_NAME)";
				SWIFT_EMIT_LOC_STRINGS = NO;
				SWIFT_VERSION = 5.0;
				TARGETED_DEVICE_FAMILY = "1,2";
				TEST_TARGET_NAME = TheMovieIMDB;
			};
			name = Release;
		};
/* End XCBuildConfiguration section */

/* Begin XCConfigurationList section */
		837FF33529B733CD002F4074 /* Build configuration list for PBXProject "TheMovieIMDB" */ = {
			isa = XCConfigurationList;
			buildConfigurations = (
				837FF36229B733CE002F4074 /* Debug */,
				837FF36329B733CE002F4074 /* Release */,
			);
			defaultConfigurationIsVisible = 0;
			defaultConfigurationName = Release;
		};
		837FF36429B733CE002F4074 /* Build configuration list for PBXNativeTarget "TheMovieIMDB" */ = {
			isa = XCConfigurationList;
			buildConfigurations = (
				837FF36529B733CE002F4074 /* Debug */,
				837FF36629B733CE002F4074 /* Release */,
			);
			defaultConfigurationIsVisible = 0;
			defaultConfigurationName = Release;
		};
		837FF36729B733CE002F4074 /* Build configuration list for PBXNativeTarget "TheMovieIMDBTests" */ = {
			isa = XCConfigurationList;
			buildConfigurations = (
				837FF36829B733CE002F4074 /* Debug */,
				837FF36929B733CE002F4074 /* Release */,
			);
			defaultConfigurationIsVisible = 0;
			defaultConfigurationName = Release;
		};
		837FF36A29B733CE002F4074 /* Build configuration list for PBXNativeTarget "TheMovieIMDBUITests" */ = {
			isa = XCConfigurationList;
			buildConfigurations = (
				837FF36B29B733CE002F4074 /* Debug */,
				837FF36C29B733CE002F4074 /* Release */,
			);
			defaultConfigurationIsVisible = 0;
			defaultConfigurationName = Release;
		};
/* End XCConfigurationList section */
	};
	rootObject = 837FF33229B733CD002F4074 /* Project object */;
}
