// !$*UTF8*$!
{
	archiveVersion = 1;
	classes = {
	};
	objectVersion = 56;
	objects = {

/* Begin PBXBuildFile section */
		837FF33E29B733CD002F4074 /* AppDelegate.swift in Sources */ = {isa = PBXBuildFile; fileRef = 837FF33D29B733CD002F4074 /* AppDelegate.swift */; };
		837FF34029B733CD002F4074 /* SceneDelegate.swift in Sources */ = {isa = PBXBuildFile; fileRef = 837FF33F29B733CD002F4074 /* SceneDelegate.swift */; };
		837FF34729B733CE002F4074 /* Assets.xcassets in Resources */ = {isa = PBXBuildFile; fileRef = 837FF34629B733CE002F4074 /* Assets.xcassets */; };
		837FF34A29B733CE002F4074 /* LaunchScreen.storyboard in Resources */ = {isa = PBXBuildFile; fileRef = 837FF34829B733CE002F4074 /* LaunchScreen.storyboard */; };
		837FF35529B733CE002F4074 /* TheMovieIMDBTests.swift in Sources */ = {isa = PBXBuildFile; fileRef = 837FF35429B733CE002F4074 /* TheMovieIMDBTests.swift */; };
		837FF35F29B733CE002F4074 /* TheMovieIMDBUITests.swift in Sources */ = {isa = PBXBuildFile; fileRef = 837FF35E29B733CE002F4074 /* TheMovieIMDBUITests.swift */; };
		837FF36129B733CE002F4074 /* TheMovieIMDBUITestsLaunchTests.swift in Sources */ = {isa = PBXBuildFile; fileRef = 837FF36029B733CE002F4074 /* TheMovieIMDBUITestsLaunchTests.swift */; };
		837FF37429B73D51002F4074 /* MovieMainViewModel.swift in Sources */ = {isa = PBXBuildFile; fileRef = 837FF37329B73D51002F4074 /* MovieMainViewModel.swift */; };
		837FF37629B73D59002F4074 /* MovieInfoViewModel.swift in Sources */ = {isa = PBXBuildFile; fileRef = 837FF37529B73D59002F4074 /* MovieInfoViewModel.swift */; };
		837FF37829B73D64002F4074 /* MovieMainViewController.swift in Sources */ = {isa = PBXBuildFile; fileRef = 837FF37729B73D64002F4074 /* MovieMainViewController.swift */; };
		837FF37A29B73D6E002F4074 /* MovieInfoViewController.swift in Sources */ = {isa = PBXBuildFile; fileRef = 837FF37929B73D6E002F4074 /* MovieInfoViewController.swift */; };
		837FF37C29B73D75002F4074 /* MovieMainModel.swift in Sources */ = {isa = PBXBuildFile; fileRef = 837FF37B29B73D75002F4074 /* MovieMainModel.swift */; };
		837FF37E29B73D7C002F4074 /* MovieInfoModel.swift in Sources */ = {isa = PBXBuildFile; fileRef = 837FF37D29B73D7C002F4074 /* MovieInfoModel.swift */; };
		837FF38729B7835C002F4074 /* MovieAPI.swift in Sources */ = {isa = PBXBuildFile; fileRef = 837FF38629B7835C002F4074 /* MovieAPI.swift */; };
		837FF38929B78369002F4074 /* NetworkService.swift in Sources */ = {isa = PBXBuildFile; fileRef = 837FF38829B78369002F4074 /* NetworkService.swift */; };
		837FF38B29B80433002F4074 /* MovieGridCell.swift in Sources */ = {isa = PBXBuildFile; fileRef = 837FF38A29B80433002F4074 /* MovieGridCell.swift */; };
		837FF3CA29B81277002F4074 /* MovieSectionController.swift in Sources */ = {isa = PBXBuildFile; fileRef = 837FF3C929B81277002F4074 /* MovieSectionController.swift */; };
		837FF3CC29B84C98002F4074 /* MovieWrapper.swift in Sources */ = {isa = PBXBuildFile; fileRef = 837FF3CB29B84C98002F4074 /* MovieWrapper.swift */; };
		83DD7F7629B9AF8700871869 /* UserReviewCell.swift in Sources */ = {isa = PBXBuildFile; fileRef = 83DD7F7529B9AF8700871869 /* UserReviewCell.swift */; };
		90A4E0F14B3472AB315F0EDD /* Pods_TheMovieIMDB.framework in Frameworks */ = {isa = PBXBuildFile; fileRef = 03369D916CB22E3789581675 /* Pods_TheMovieIMDB.framework */; };
		9FB60D9CCFC43EB29AE8F9BA /* Pods_TheMovieIMDB_TheMovieIMDBUITests.framework in Frameworks */ = {isa = PBXBuildFile; fileRef = 33B445AD94F44BC609C59782 /* Pods_TheMovieIMDB_TheMovieIMDBUITests.framework */; };
		B19B93E0A4C1EFEFCAD9AF3D /* Pods_TheMovieIMDBTests.framework in Frameworks */ = {isa = PBXBuildFile; fileRef = 472818D2B61702CD7C76AC39 /* Pods_TheMovieIMDBTests.framework */; };
/* End PBXBuildFile section */

/* Begin PBXContainerItemProxy section */
		837FF35129B733CE002F4074 /* PBXContainerItemProxy */ = {
			isa = PBXContainerItemProxy;
			containerPortal = 837FF33229B733CD002F4074 /* Project object */;
			proxyType = 1;
			remoteGlobalIDString = 837FF33929B733CD002F4074;
			remoteInfo = TheMovieIMDB;
		};
		837FF35B29B733CE002F4074 /* PBXContainerItemProxy */ = {
			isa = PBXContainerItemProxy;
			containerPortal = 837FF33229B733CD002F4074 /* Project object */;
			proxyType = 1;
			remoteGlobalIDString = 837FF33929B733CD002F4074;
			remoteInfo = TheMovieIMDB;
		};
/* End PBXContainerItemProxy section */

/* Begin PBXFileReference section */
		03369D916CB22E3789581675 /* Pods_TheMovieIMDB.framework */ = {isa = PBXFileReference; explicitFileType = wrapper.framework; includeInIndex = 0; path = Pods_TheMovieIMDB.framework; sourceTree = BUILT_PRODUCTS_DIR; };
		1BC62AB0A4C33AB517B0D32B /* Pods-TheMovieIMDB-TheMovieIMDBUITests.release.xcconfig */ = {isa = PBXFileReference; includeInIndex = 1; lastKnownFileType = text.xcconfig; name = "Pods-TheMovieIMDB-TheMovieIMDBUITests.release.xcconfig"; path = "Target Support Files/Pods-TheMovieIMDB-TheMovieIMDBUITests/Pods-TheMovieIMDB-TheMovieIMDBUITests.release.xcconfig"; sourceTree = "<group>"; };
		33B445AD94F44BC609C59782 /* Pods_TheMovieIMDB_TheMovieIMDBUITests.framework */ = {isa = PBXFileReference; explicitFileType = wrapper.framework; includeInIndex = 0; path = Pods_TheMovieIMDB_TheMovieIMDBUITests.framework; sourceTree = BUILT_PRODUCTS_DIR; };
		472818D2B61702CD7C76AC39 /* Pods_TheMovieIMDBTests.framework */ = {isa = PBXFileReference; explicitFileType = wrapper.framework; includeInIndex = 0; path = Pods_TheMovieIMDBTests.framework; sourceTree = BUILT_PRODUCTS_DIR; };
		62E2ABF0FB2B85071ED4AAD3 /* Pods-TheMovieIMDB.debug.xcconfig */ = {isa = PBXFileReference; includeInIndex = 1; lastKnownFileType = text.xcconfig; name = "Pods-TheMovieIMDB.debug.xcconfig"; path = "Target Support Files/Pods-TheMovieIMDB/Pods-TheMovieIMDB.debug.xcconfig"; sourceTree = "<group>"; };
		837FF33A29B733CD002F4074 /* TheMovieIMDB.app */ = {isa = PBXFileReference; explicitFileType = wrapper.application; includeInIndex = 0; path = TheMovieIMDB.app; sourceTree = BUILT_PRODUCTS_DIR; };
		837FF33D29B733CD002F4074 /* AppDelegate.swift */ = {isa = PBXFileReference; lastKnownFileType = sourcecode.swift; path = AppDelegate.swift; sourceTree = "<group>"; };
		837FF33F29B733CD002F4074 /* SceneDelegate.swift */ = {isa = PBXFileReference; lastKnownFileType = sourcecode.swift; path = SceneDelegate.swift; sourceTree = "<group>"; };
		837FF34629B733CE002F4074 /* Assets.xcassets */ = {isa = PBXFileReference; lastKnownFileType = folder.assetcatalog; path = Assets.xcassets; sourceTree = "<group>"; };
		837FF34929B733CE002F4074 /* Base */ = {isa = PBXFileReference; lastKnownFileType = file.storyboard; name = Base; path = Base.lproj/LaunchScreen.storyboard; sourceTree = "<group>"; };
		837FF34B29B733CE002F4074 /* Info.plist */ = {isa = PBXFileReference; lastKnownFileType = text.plist.xml; path = Info.plist; sourceTree = "<group>"; };
		837FF35029B733CE002F4074 /* TheMovieIMDBTests.xctest */ = {isa = PBXFileReference; explicitFileType = wrapper.cfbundle; includeInIndex = 0; path = TheMovieIMDBTests.xctest; sourceTree = BUILT_PRODUCTS_DIR; };
		837FF35429B733CE002F4074 /* TheMovieIMDBTests.swift */ = {isa = PBXFileReference; lastKnownFileType = sourcecode.swift; path = TheMovieIMDBTests.swift; sourceTree = "<group>"; };
		837FF35A29B733CE002F4074 /* TheMovieIMDBUITests.xctest */ = {isa = PBXFileReference; explicitFileType = wrapper.cfbundle; includeInIndex = 0; path = TheMovieIMDBUITests.xctest; sourceTree = BUILT_PRODUCTS_DIR; };
		837FF35E29B733CE002F4074 /* TheMovieIMDBUITests.swift */ = {isa = PBXFileReference; lastKnownFileType = sourcecode.swift; path = TheMovieIMDBUITests.swift; sourceTree = "<group>"; };
		837FF36029B733CE002F4074 /* TheMovieIMDBUITestsLaunchTests.swift */ = {isa = PBXFileReference; lastKnownFileType = sourcecode.swift; path = TheMovieIMDBUITestsLaunchTests.swift; sourceTree = "<group>"; };
		837FF37329B73D51002F4074 /* MovieMainViewModel.swift */ = {isa = PBXFileReference; lastKnownFileType = sourcecode.swift; path = MovieMainViewModel.swift; sourceTree = "<group>"; };
		837FF37529B73D59002F4074 /* MovieInfoViewModel.swift */ = {isa = PBXFileReference; lastKnownFileType = sourcecode.swift; path = MovieInfoViewModel.swift; sourceTree = "<group>"; };
		837FF37729B73D64002F4074 /* MovieMainViewController.swift */ = {isa = PBXFileReference; lastKnownFileType = sourcecode.swift; path = MovieMainViewController.swift; sourceTree = "<group>"; };
		837FF37929B73D6E002F4074 /* MovieInfoViewController.swift */ = {isa = PBXFileReference; lastKnownFileType = sourcecode.swift; path = MovieInfoViewController.swift; sourceTree = "<group>"; };
		837FF37B29B73D75002F4074 /* MovieMainModel.swift */ = {isa = PBXFileReference; lastKnownFileType = sourcecode.swift; path = MovieMainModel.swift; sourceTree = "<group>"; };
		837FF37D29B73D7C002F4074 /* MovieInfoModel.swift */ = {isa = PBXFileReference; lastKnownFileType = sourcecode.swift; path = MovieInfoModel.swift; sourceTree = "<group>"; };
		837FF38629B7835C002F4074 /* MovieAPI.swift */ = {isa = PBXFileReference; lastKnownFileType = sourcecode.swift; path = MovieAPI.swift; sourceTree = "<group>"; };
		837FF38829B78369002F4074 /* NetworkService.swift */ = {isa = PBXFileReference; lastKnownFileType = sourcecode.swift; path = NetworkService.swift; sourceTree = "<group>"; };
		837FF38A29B80433002F4074 /* MovieGridCell.swift */ = {isa = PBXFileReference; lastKnownFileType = sourcecode.swift; path = MovieGridCell.swift; sourceTree = "<group>"; };
		837FF3C929B81277002F4074 /* MovieSectionController.swift */ = {isa = PBXFileReference; lastKnownFileType = sourcecode.swift; path = MovieSectionController.swift; sourceTree = "<group>"; };
		837FF3CB29B84C98002F4074 /* MovieWrapper.swift */ = {isa = PBXFileReference; lastKnownFileType = sourcecode.swift; path = MovieWrapper.swift; sourceTree = "<group>"; };
		83DD7F7529B9AF8700871869 /* UserReviewCell.swift */ = {isa = PBXFileReference; lastKnownFileType = sourcecode.swift; path = UserReviewCell.swift; sourceTree = "<group>"; };
		C712E8A26BE4C885D8CCDEA9 /* Pods-TheMovieIMDBTests.release.xcconfig */ = {isa = PBXFileReference; includeInIndex = 1; lastKnownFileType = text.xcconfig; name = "Pods-TheMovieIMDBTests.release.xcconfig"; path = "Target Support Files/Pods-TheMovieIMDBTests/Pods-TheMovieIMDBTests.release.xcconfig"; sourceTree = "<group>"; };
		F202BB3FE9C378BF42BCA1FD /* Pods-TheMovieIMDB-TheMovieIMDBUITests.debug.xcconfig */ = {isa = PBXFileReference; includeInIndex = 1; lastKnownFileType = text.xcconfig; name = "Pods-TheMovieIMDB-TheMovieIMDBUITests.debug.xcconfig"; path = "Target Support Files/Pods-TheMovieIMDB-TheMovieIMDBUITests/Pods-TheMovieIMDB-TheMovieIMDBUITests.debug.xcconfig"; sourceTree = "<group>"; };
		F4BA5CC2780C6DE9D593178A /* Pods-TheMovieIMDB.release.xcconfig */ = {isa = PBXFileReference; includeInIndex = 1; lastKnownFileType = text.xcconfig; name = "Pods-TheMovieIMDB.release.xcconfig"; path = "Target Support Files/Pods-TheMovieIMDB/Pods-TheMovieIMDB.release.xcconfig"; sourceTree = "<group>"; };
		F872018CA0885CD76DA7B511 /* Pods-TheMovieIMDBTests.debug.xcconfig */ = {isa = PBXFileReference; includeInIndex = 1; lastKnownFileType = text.xcconfig; name = "Pods-TheMovieIMDBTests.debug.xcconfig"; path = "Target Support Files/Pods-TheMovieIMDBTests/Pods-TheMovieIMDBTests.debug.xcconfig"; sourceTree = "<group>"; };
/* End PBXFileReference section */

/* Begin PBXFrameworksBuildPhase section */
		837FF33729B733CD002F4074 /* Frameworks */ = {
			isa = PBXFrameworksBuildPhase;
			buildActionMask = 2147483647;
			files = (
				90A4E0F14B3472AB315F0EDD /* Pods_TheMovieIMDB.framework in Frameworks */,
			);
			runOnlyForDeploymentPostprocessing = 0;
		};
		837FF34D29B733CE002F4074 /* Frameworks */ = {
			isa = PBXFrameworksBuildPhase;
			buildActionMask = 2147483647;
			files = (
				B19B93E0A4C1EFEFCAD9AF3D /* Pods_TheMovieIMDBTests.framework in Frameworks */,
			);
			runOnlyForDeploymentPostprocessing = 0;
		};
		837FF35729B733CE002F4074 /* Frameworks */ = {
			isa = PBXFrameworksBuildPhase;
			buildActionMask = 2147483647;
			files = (
				9FB60D9CCFC43EB29AE8F9BA /* Pods_TheMovieIMDB_TheMovieIMDBUITests.framework in Frameworks */,
			);
			runOnlyForDeploymentPostprocessing = 0;
		};
/* End PBXFrameworksBuildPhase section */

/* Begin PBXGroup section */
		837FF33129B733CD002F4074 = {
			isa = PBXGroup;
			children = (
				837FF33C29B733CD002F4074 /* TheMovieIMDB */,
				837FF35329B733CE002F4074 /* TheMovieIMDBTests */,
				837FF35D29B733CE002F4074 /* TheMovieIMDBUITests */,
				837FF33B29B733CD002F4074 /* Products */,
				A3AA87C283B0A7FB3AB8A4E7 /* Pods */,
				F93E4C94A8DB4CA829DF7E5B /* Frameworks */,
			);
			sourceTree = "<group>";
		};
		837FF33B29B733CD002F4074 /* Products */ = {
			isa = PBXGroup;
			children = (
				837FF33A29B733CD002F4074 /* TheMovieIMDB.app */,
				837FF35029B733CE002F4074 /* TheMovieIMDBTests.xctest */,
				837FF35A29B733CE002F4074 /* TheMovieIMDBUITests.xctest */,
			);
			name = Products;
			sourceTree = "<group>";
		};
		837FF33C29B733CD002F4074 /* TheMovieIMDB */ = {
			isa = PBXGroup;
			children = (
				837FF37F29B73D8E002F4074 /* Base */,
				837FF36D29B73CED002F4074 /* Screens */,
				837FF36E29B73CF2002F4074 /* Services */,
				837FF34629B733CE002F4074 /* Assets.xcassets */,
				837FF34829B733CE002F4074 /* LaunchScreen.storyboard */,
				837FF34B29B733CE002F4074 /* Info.plist */,
			);
			path = TheMovieIMDB;
			sourceTree = "<group>";
		};
		837FF35329B733CE002F4074 /* TheMovieIMDBTests */ = {
			isa = PBXGroup;
			children = (
				837FF35429B733CE002F4074 /* TheMovieIMDBTests.swift */,
			);
			path = TheMovieIMDBTests;
			sourceTree = "<group>";
		};
		837FF35D29B733CE002F4074 /* TheMovieIMDBUITests */ = {
			isa = PBXGroup;
			children = (
				837FF35E29B733CE002F4074 /* TheMovieIMDBUITests.swift */,
				837FF36029B733CE002F4074 /* TheMovieIMDBUITestsLaunchTests.swift */,
			);
			path = TheMovieIMDBUITests;
			sourceTree = "<group>";
		};
		837FF36D29B73CED002F4074 /* Screens */ = {
			isa = PBXGroup;
			children = (
				837FF36F29B73CFD002F4074 /* MovieMain */,
				837FF37029B73D08002F4074 /* MovieInfo */,
			);
			path = Screens;
			sourceTree = "<group>";
		};
		837FF36E29B73CF2002F4074 /* Services */ = {
			isa = PBXGroup;
			children = (
				837FF38829B78369002F4074 /* NetworkService.swift */,
				837FF38629B7835C002F4074 /* MovieAPI.swift */,
			);
			path = Services;
			sourceTree = "<group>";
		};
		837FF36F29B73CFD002F4074 /* MovieMain */ = {
			isa = PBXGroup;
			children = (
				837FF3C929B81277002F4074 /* MovieSectionController.swift */,
				83DD7F7029B99B3700871869 /* Model */,
				837FF38C29B80439002F4074 /* View */,
				83DD7F7129B99B3A00871869 /* ViewModel */,
			);
			path = MovieMain;
			sourceTree = "<group>";
		};
		837FF37029B73D08002F4074 /* MovieInfo */ = {
			isa = PBXGroup;
			children = (
				83DD7F7229B99B5000871869 /* Model */,
				83DD7F7429B99B5500871869 /* View */,
				83DD7F7329B99B5300871869 /* ViewModel */,
			);
			path = MovieInfo;
			sourceTree = "<group>";
		};
		837FF37F29B73D8E002F4074 /* Base */ = {
			isa = PBXGroup;
			children = (
				837FF33D29B733CD002F4074 /* AppDelegate.swift */,
				837FF33F29B733CD002F4074 /* SceneDelegate.swift */,
			);
			path = Base;
			sourceTree = "<group>";
		};
		837FF38C29B80439002F4074 /* View */ = {
			isa = PBXGroup;
			children = (
				837FF38A29B80433002F4074 /* MovieGridCell.swift */,
				837FF37729B73D64002F4074 /* MovieMainViewController.swift */,
			);
			path = View;
			sourceTree = "<group>";
		};
		83DD7F7029B99B3700871869 /* Model */ = {
			isa = PBXGroup;
			children = (
				837FF37B29B73D75002F4074 /* MovieMainModel.swift */,
				837FF3CB29B84C98002F4074 /* MovieWrapper.swift */,
			);
			path = Model;
			sourceTree = "<group>";
		};
		83DD7F7129B99B3A00871869 /* ViewModel */ = {
			isa = PBXGroup;
			children = (
				837FF37329B73D51002F4074 /* MovieMainViewModel.swift */,
			);
			path = ViewModel;
			sourceTree = "<group>";
		};
		83DD7F7229B99B5000871869 /* Model */ = {
			isa = PBXGroup;
			children = (
				837FF37D29B73D7C002F4074 /* MovieInfoModel.swift */,
			);
			path = Model;
			sourceTree = "<group>";
		};
		83DD7F7329B99B5300871869 /* ViewModel */ = {
			isa = PBXGroup;
			children = (
				837FF37529B73D59002F4074 /* MovieInfoViewModel.swift */,
			);
			path = ViewModel;
			sourceTree = "<group>";
		};
		83DD7F7429B99B5500871869 /* View */ = {
			isa = PBXGroup;
			children = (
				83DD7F7529B9AF8700871869 /* UserReviewCell.swift */,
				837FF37929B73D6E002F4074 /* MovieInfoViewController.swift */,
			);
			path = View;
			sourceTree = "<group>";
		};
		A3AA87C283B0A7FB3AB8A4E7 /* Pods */ = {
			isa = PBXGroup;
			children = (
				62E2ABF0FB2B85071ED4AAD3 /* Pods-TheMovieIMDB.debug.xcconfig */,
				F4BA5CC2780C6DE9D593178A /* Pods-TheMovieIMDB.release.xcconfig */,
				F202BB3FE9C378BF42BCA1FD /* Pods-TheMovieIMDB-TheMovieIMDBUITests.debug.xcconfig */,
				1BC62AB0A4C33AB517B0D32B /* Pods-TheMovieIMDB-TheMovieIMDBUITests.release.xcconfig */,
				F872018CA0885CD76DA7B511 /* Pods-TheMovieIMDBTests.debug.xcconfig */,
				C712E8A26BE4C885D8CCDEA9 /* Pods-TheMovieIMDBTests.release.xcconfig */,
			);
			path = Pods;
			sourceTree = "<group>";
		};
		F93E4C94A8DB4CA829DF7E5B /* Frameworks */ = {
			isa = PBXGroup;
			children = (
				03369D916CB22E3789581675 /* Pods_TheMovieIMDB.framework */,
				33B445AD94F44BC609C59782 /* Pods_TheMovieIMDB_TheMovieIMDBUITests.framework */,
				472818D2B61702CD7C76AC39 /* Pods_TheMovieIMDBTests.framework */,
			);
			name = Frameworks;
			sourceTree = "<group>";
		};
/* End PBXGroup section */

/* Begin PBXNativeTarget section */
		837FF33929B733CD002F4074 /* TheMovieIMDB */ = {
			isa = PBXNativeTarget;
			buildConfigurationList = 837FF36429B733CE002F4074 /* Build configuration list for PBXNativeTarget "TheMovieIMDB" */;
			buildPhases = (
				15D4BE1789C68D9DF60F04C3 /* [CP] Check Pods Manifest.lock */,
				837FF33629B733CD002F4074 /* Sources */,
				837FF33729B733CD002F4074 /* Frameworks */,
				837FF33829B733CD002F4074 /* Resources */,
				BF207E4C862AB8076807F03C /* [CP] Embed Pods Frameworks */,
			);
			buildRules = (
			);
			dependencies = (
			);
			name = TheMovieIMDB;
			productName = TheMovieIMDB;
			productReference = 837FF33A29B733CD002F4074 /* TheMovieIMDB.app */;
			productType = "com.apple.product-type.application";
		};
		837FF34F29B733CE002F4074 /* TheMovieIMDBTests */ = {
			isa = PBXNativeTarget;
			buildConfigurationList = 837FF36729B733CE002F4074 /* Build configuration list for PBXNativeTarget "TheMovieIMDBTests" */;
			buildPhases = (
				9D905F3C41953A8E2227B32D /* [CP] Check Pods Manifest.lock */,
				837FF34C29B733CE002F4074 /* Sources */,
				837FF34D29B733CE002F4074 /* Frameworks */,
				837FF34E29B733CE002F4074 /* Resources */,
				AD11FB8D0826B5E0925C842E /* [CP] Embed Pods Frameworks */,
			);
			buildRules = (
			);
			dependencies = (
				837FF35229B733CE002F4074 /* PBXTargetDependency */,
			);
			name = TheMovieIMDBTests;
			productName = TheMovieIMDBTests;
			productReference = 837FF35029B733CE002F4074 /* TheMovieIMDBTests.xctest */;
			productType = "com.apple.product-type.bundle.unit-test";
		};
		837FF35929B733CE002F4074 /* TheMovieIMDBUITests */ = {
			isa = PBXNativeTarget;
			buildConfigurationList = 837FF36A29B733CE002F4074 /* Build configuration list for PBXNativeTarget "TheMovieIMDBUITests" */;
			buildPhases = (
				2A94F4DCFAA2E96C5828C973 /* [CP] Check Pods Manifest.lock */,
				837FF35629B733CE002F4074 /* Sources */,
				837FF35729B733CE002F4074 /* Frameworks */,
				837FF35829B733CE002F4074 /* Resources */,
				2CBF181ECCE9CD8AB5D23A1F /* [CP] Embed Pods Frameworks */,
			);
			buildRules = (
			);
			dependencies = (
				837FF35C29B733CE002F4074 /* PBXTargetDependency */,
			);
			name = TheMovieIMDBUITests;
			productName = TheMovieIMDBUITests;
			productReference = 837FF35A29B733CE002F4074 /* TheMovieIMDBUITests.xctest */;
			productType = "com.apple.product-type.bundle.ui-testing";
		};
/* End PBXNativeTarget section */

/* Begin PBXProject section */
		837FF33229B733CD002F4074 /* Project object */ = {
			isa = PBXProject;
			attributes = {
				BuildIndependentTargetsInParallel = 1;
				LastSwiftUpdateCheck = 1420;
				LastUpgradeCheck = 1420;
				TargetAttributes = {
					837FF33929B733CD002F4074 = {
						CreatedOnToolsVersion = 14.2;
					};
					837FF34F29B733CE002F4074 = {
						CreatedOnToolsVersion = 14.2;
						TestTargetID = 837FF33929B733CD002F4074;
					};
					837FF35929B733CE002F4074 = {
						CreatedOnToolsVersion = 14.2;
						TestTargetID = 837FF33929B733CD002F4074;
					};
				};
			};
			buildConfigurationList = 837FF33529B733CD002F4074 /* Build configuration list for PBXProject "TheMovieIMDB" */;
			compatibilityVersion = "Xcode 14.0";
			developmentRegion = en;
			hasScannedForEncodings = 0;
			knownRegions = (
				en,
				Base,
			);
			mainGroup = 837FF33129B733CD002F4074;
			productRefGroup = 837FF33B29B733CD002F4074 /* Products */;
			projectDirPath = "";
			projectRoot = "";
			targets = (
				837FF33929B733CD002F4074 /* TheMovieIMDB */,
				837FF34F29B733CE002F4074 /* TheMovieIMDBTests */,
				837FF35929B733CE002F4074 /* TheMovieIMDBUITests */,
			);
		};
/* End PBXProject section */

/* Begin PBXResourcesBuildPhase section */
		837FF33829B733CD002F4074 /* Resources */ = {
			isa = PBXResourcesBuildPhase;
			buildActionMask = 2147483647;
			files = (
				837FF34A29B733CE002F4074 /* LaunchScreen.storyboard in Resources */,
				837FF34729B733CE002F4074 /* Assets.xcassets in Resources */,
			);
			runOnlyForDeploymentPostprocessing = 0;
		};
		837FF34E29B733CE002F4074 /* Resources */ = {
			isa = PBXResourcesBuildPhase;
			buildActionMask = 2147483647;
			files = (
			);
			runOnlyForDeploymentPostprocessing = 0;
		};
		837FF35829B733CE002F4074 /* Resources */ = {
			isa = PBXResourcesBuildPhase;
			buildActionMask = 2147483647;
			files = (
			);
			runOnlyForDeploymentPostprocessing = 0;
		};
/* End PBXResourcesBuildPhase section */

/* Begin PBXShellScriptBuildPhase section */
		15D4BE1789C68D9DF60F04C3 /* [CP] Check Pods Manifest.lock */ = {
			isa = PBXShellScriptBuildPhase;
			buildActionMask = 2147483647;
			files = (
			);
			inputFileListPaths = (
			);
			inputPaths = (
				"${PODS_PODFILE_DIR_PATH}/Podfile.lock",
				"${PODS_ROOT}/Manifest.lock",
			);
			name = "[CP] Check Pods Manifest.lock";
			outputFileListPaths = (
			);
			outputPaths = (
				"$(DERIVED_FILE_DIR)/Pods-TheMovieIMDB-checkManifestLockResult.txt",
			);
			runOnlyForDeploymentPostprocessing = 0;
			shellPath = /bin/sh;
			shellScript = "diff \"${PODS_PODFILE_DIR_PATH}/Podfile.lock\" \"${PODS_ROOT}/Manifest.lock\" > /dev/null\nif [ $? != 0 ] ; then\n    # print error to STDERR\n    echo \"error: The sandbox is not in sync with the Podfile.lock. Run 'pod install' or update your CocoaPods installation.\" >&2\n    exit 1\nfi\n# This output is used by Xcode 'outputs' to avoid re-running this script phase.\necho \"SUCCESS\" > \"${SCRIPT_OUTPUT_FILE_0}\"\n";
			showEnvVarsInLog = 0;
		};
		2A94F4DCFAA2E96C5828C973 /* [CP] Check Pods Manifest.lock */ = {
			isa = PBXShellScriptBuildPhase;
			buildActionMask = 2147483647;
			files = (
			);
			inputFileListPaths = (
			);
			inputPaths = (
				"${PODS_PODFILE_DIR_PATH}/Podfile.lock",
				"${PODS_ROOT}/Manifest.lock",
			);
			name = "[CP] Check Pods Manifest.lock";
			outputFileListPaths = (
			);
			outputPaths = (
				"$(DERIVED_FILE_DIR)/Pods-TheMovieIMDB-TheMovieIMDBUITests-checkManifestLockResult.txt",
			);
			runOnlyForDeploymentPostprocessing = 0;
			shellPath = /bin/sh;
			shellScript = "diff \"${PODS_PODFILE_DIR_PATH}/Podfile.lock\" \"${PODS_ROOT}/Manifest.lock\" > /dev/null\nif [ $? != 0 ] ; then\n    # print error to STDERR\n    echo \"error: The sandbox is not in sync with the Podfile.lock. Run 'pod install' or update your CocoaPods installation.\" >&2\n    exit 1\nfi\n# This output is used by Xcode 'outputs' to avoid re-running this script phase.\necho \"SUCCESS\" > \"${SCRIPT_OUTPUT_FILE_0}\"\n";
			showEnvVarsInLog = 0;
		};
		2CBF181ECCE9CD8AB5D23A1F /* [CP] Embed Pods Frameworks */ = {
			isa = PBXShellScriptBuildPhase;
			buildActionMask = 2147483647;
			files = (
			);
			inputFileListPaths = (
				"${PODS_ROOT}/Target Support Files/Pods-TheMovieIMDB-TheMovieIMDBUITests/Pods-TheMovieIMDB-TheMovieIMDBUITests-frameworks-${CONFIGURATION}-input-files.xcfilelist",
			);
			name = "[CP] Embed Pods Frameworks";
			outputFileListPaths = (
				"${PODS_ROOT}/Target Support Files/Pods-TheMovieIMDB-TheMovieIMDBUITests/Pods-TheMovieIMDB-TheMovieIMDBUITests-frameworks-${CONFIGURATION}-output-files.xcfilelist",
			);
			runOnlyForDeploymentPostprocessing = 0;
			shellPath = /bin/sh;
			shellScript = "\"${PODS_ROOT}/Target Support Files/Pods-TheMovieIMDB-TheMovieIMDBUITests/Pods-TheMovieIMDB-TheMovieIMDBUITests-frameworks.sh\"\n";
			showEnvVarsInLog = 0;
		};
		9D905F3C41953A8E2227B32D /* [CP] Check Pods Manifest.lock */ = {
			isa = PBXShellScriptBuildPhase;
			buildActionMask = 2147483647;
			files = (
			);
			inputFileListPaths = (
			);
			inputPaths = (
				"${PODS_PODFILE_DIR_PATH}/Podfile.lock",
				"${PODS_ROOT}/Manifest.lock",
			);
			name = "[CP] Check Pods Manifest.lock";
			outputFileListPaths = (
			);
			outputPaths = (
				"$(DERIVED_FILE_DIR)/Pods-TheMovieIMDBTests-checkManifestLockResult.txt",
			);
			runOnlyForDeploymentPostprocessing = 0;
			shellPath = /bin/sh;
			shellScript = "diff \"${PODS_PODFILE_DIR_PATH}/Podfile.lock\" \"${PODS_ROOT}/Manifest.lock\" > /dev/null\nif [ $? != 0 ] ; then\n    # print error to STDERR\n    echo \"error: The sandbox is not in sync with the Podfile.lock. Run 'pod install' or update your CocoaPods installation.\" >&2\n    exit 1\nfi\n# This output is used by Xcode 'outputs' to avoid re-running this script phase.\necho \"SUCCESS\" > \"${SCRIPT_OUTPUT_FILE_0}\"\n";
			showEnvVarsInLog = 0;
		};
		AD11FB8D0826B5E0925C842E /* [CP] Embed Pods Frameworks */ = {
			isa = PBXShellScriptBuildPhase;
			buildActionMask = 2147483647;
			files = (
			);
			inputFileListPaths = (
				"${PODS_ROOT}/Target Support Files/Pods-TheMovieIMDBTests/Pods-TheMovieIMDBTests-frameworks-${CONFIGURATION}-input-files.xcfilelist",
			);
			name = "[CP] Embed Pods Frameworks";
			outputFileListPaths = (
				"${PODS_ROOT}/Target Support Files/Pods-TheMovieIMDBTests/Pods-TheMovieIMDBTests-frameworks-${CONFIGURATION}-output-files.xcfilelist",
			);
			runOnlyForDeploymentPostprocessing = 0;
			shellPath = /bin/sh;
			shellScript = "\"${PODS_ROOT}/Target Support Files/Pods-TheMovieIMDBTests/Pods-TheMovieIMDBTests-frameworks.sh\"\n";
			showEnvVarsInLog = 0;
		};
		BF207E4C862AB8076807F03C /* [CP] Embed Pods Frameworks */ = {
			isa = PBXShellScriptBuildPhase;
			buildActionMask = 2147483647;
			files = (
			);
			inputFileListPaths = (
				"${PODS_ROOT}/Target Support Files/Pods-TheMovieIMDB/Pods-TheMovieIMDB-frameworks-${CONFIGURATION}-input-files.xcfilelist",
			);
			name = "[CP] Embed Pods Frameworks";
			outputFileListPaths = (
				"${PODS_ROOT}/Target Support Files/Pods-TheMovieIMDB/Pods-TheMovieIMDB-frameworks-${CONFIGURATION}-output-files.xcfilelist",
			);
			runOnlyForDeploymentPostprocessing = 0;
			shellPath = /bin/sh;
			shellScript = "\"${PODS_ROOT}/Target Support Files/Pods-TheMovieIMDB/Pods-TheMovieIMDB-frameworks.sh\"\n";
			showEnvVarsInLog = 0;
		};
/* End PBXShellScriptBuildPhase section */

/* Begin PBXSourcesBuildPhase section */
		837FF33629B733CD002F4074 /* Sources */ = {
			isa = PBXSourcesBuildPhase;
			buildActionMask = 2147483647;
			files = (
				837FF38929B78369002F4074 /* NetworkService.swift in Sources */,
				837FF37A29B73D6E002F4074 /* MovieInfoViewController.swift in Sources */,
				837FF37429B73D51002F4074 /* MovieMainViewModel.swift in Sources */,
				83DD7F7629B9AF8700871869 /* UserReviewCell.swift in Sources */,
				837FF38B29B80433002F4074 /* MovieGridCell.swift in Sources */,
				837FF3CA29B81277002F4074 /* MovieSectionController.swift in Sources */,
				837FF37629B73D59002F4074 /* MovieInfoViewModel.swift in Sources */,
				837FF33E29B733CD002F4074 /* AppDelegate.swift in Sources */,
				837FF37E29B73D7C002F4074 /* MovieInfoModel.swift in Sources */,
				837FF37C29B73D75002F4074 /* MovieMainModel.swift in Sources */,
				837FF3CC29B84C98002F4074 /* MovieWrapper.swift in Sources */,
				837FF37829B73D64002F4074 /* MovieMainViewController.swift in Sources */,
				837FF34029B733CD002F4074 /* SceneDelegate.swift in Sources */,
				837FF38729B7835C002F4074 /* MovieAPI.swift in Sources */,
			);
			runOnlyForDeploymentPostprocessing = 0;
		};
		837FF34C29B733CE002F4074 /* Sources */ = {
			isa = PBXSourcesBuildPhase;
			buildActionMask = 2147483647;
			files = (
				837FF35529B733CE002F4074 /* TheMovieIMDBTests.swift in Sources */,
			);
			runOnlyForDeploymentPostprocessing = 0;
		};
		837FF35629B733CE002F4074 /* Sources */ = {
			isa = PBXSourcesBuildPhase;
			buildActionMask = 2147483647;
			files = (
				837FF35F29B733CE002F4074 /* TheMovieIMDBUITests.swift in Sources */,
				837FF36129B733CE002F4074 /* TheMovieIMDBUITestsLaunchTests.swift in Sources */,
			);
			runOnlyForDeploymentPostprocessing = 0;
		};
/* End PBXSourcesBuildPhase section */

/* Begin PBXTargetDependency section */
		837FF35229B733CE002F4074 /* PBXTargetDependency */ = {
			isa = PBXTargetDependency;
			target = 837FF33929B733CD002F4074 /* TheMovieIMDB */;
			targetProxy = 837FF35129B733CE002F4074 /* PBXContainerItemProxy */;
		};
		837FF35C29B733CE002F4074 /* PBXTargetDependency */ = {
			isa = PBXTargetDependency;
			target = 837FF33929B733CD002F4074 /* TheMovieIMDB */;
			targetProxy = 837FF35B29B733CE002F4074 /* PBXContainerItemProxy */;
		};
/* End PBXTargetDependency section */

/* Begin PBXVariantGroup section */
		837FF34829B733CE002F4074 /* LaunchScreen.storyboard */ = {
			isa = PBXVariantGroup;
			children = (
				837FF34929B733CE002F4074 /* Base */,
			);
			name = LaunchScreen.storyboard;
			sourceTree = "<group>";
		};
/* End PBXVariantGroup section */

/* Begin XCBuildConfiguration section */
		837FF36229B733CE002F4074 /* Debug */ = {
			isa = XCBuildConfiguration;
			buildSettings = {
				ALWAYS_SEARCH_USER_PATHS = NO;
				CLANG_ANALYZER_NONNULL = YES;
				CLANG_ANALYZER_NUMBER_OBJECT_CONVERSION = YES_AGGRESSIVE;
				CLANG_CXX_LANGUAGE_STANDARD = "gnu++20";
				CLANG_ENABLE_MODULES = YES;
				CLANG_ENABLE_OBJC_ARC = YES;
				CLANG_ENABLE_OBJC_WEAK = YES;
				CLANG_WARN_BLOCK_CAPTURE_AUTORELEASING = YES;
				CLANG_WARN_BOOL_CONVERSION = YES;
				CLANG_WARN_COMMA = YES;
				CLANG_WARN_CONSTANT_CONVERSION = YES;
				CLANG_WARN_DEPRECATED_OBJC_IMPLEMENTATIONS = YES;
				CLANG_WARN_DIRECT_OBJC_ISA_USAGE = YES_ERROR;
				CLANG_WARN_DOCUMENTATION_COMMENTS = YES;
				CLANG_WARN_EMPTY_BODY = YES;
				CLANG_WARN_ENUM_CONVERSION = YES;
				CLANG_WARN_INFINITE_RECURSION = YES;
				CLANG_WARN_INT_CONVERSION = YES;
				CLANG_WARN_NON_LITERAL_NULL_CONVERSION = YES;
				CLANG_WARN_OBJC_IMPLICIT_RETAIN_SELF = YES;
				CLANG_WARN_OBJC_LITERAL_CONVERSION = YES;
				CLANG_WARN_OBJC_ROOT_CLASS = YES_ERROR;
				CLANG_WARN_QUOTED_INCLUDE_IN_FRAMEWORK_HEADER = YES;
				CLANG_WARN_RANGE_LOOP_ANALYSIS = YES;
				CLANG_WARN_STRICT_PROTOTYPES = YES;
				CLANG_WARN_SUSPICIOUS_MOVE = YES;
				CLANG_WARN_UNGUARDED_AVAILABILITY = YES_AGGRESSIVE;
				CLANG_WARN_UNREACHABLE_CODE = YES;
				CLANG_WARN__DUPLICATE_METHOD_MATCH = YES;
				COPY_PHASE_STRIP = NO;
				DEBUG_INFORMATION_FORMAT = dwarf;
				ENABLE_STRICT_OBJC_MSGSEND = YES;
				ENABLE_TESTABILITY = YES;
				GCC_C_LANGUAGE_STANDARD = gnu11;
				GCC_DYNAMIC_NO_PIC = NO;
				GCC_NO_COMMON_BLOCKS = YES;
				GCC_OPTIMIZATION_LEVEL = 0;
				GCC_PREPROCESSOR_DEFINITIONS = (
					"DEBUG=1",
					"$(inherited)",
				);
				GCC_WARN_64_TO_32_BIT_CONVERSION = YES;
				GCC_WARN_ABOUT_RETURN_TYPE = YES_ERROR;
				GCC_WARN_UNDECLARED_SELECTOR = YES;
				GCC_WARN_UNINITIALIZED_AUTOS = YES_AGGRESSIVE;
				GCC_WARN_UNUSED_FUNCTION = YES;
				GCC_WARN_UNUSED_VARIABLE = YES;
				IPHONEOS_DEPLOYMENT_TARGET = 16.2;
				MTL_ENABLE_DEBUG_INFO = INCLUDE_SOURCE;
				MTL_FAST_MATH = YES;
				ONLY_ACTIVE_ARCH = YES;
				SDKROOT = iphoneos;
				SWIFT_ACTIVE_COMPILATION_CONDITIONS = DEBUG;
				SWIFT_OPTIMIZATION_LEVEL = "-Onone";
			};
			name = Debug;
		};
		837FF36329B733CE002F4074 /* Release */ = {
			isa = XCBuildConfiguration;
			buildSettings = {
				ALWAYS_SEARCH_USER_PATHS = NO;
				CLANG_ANALYZER_NONNULL = YES;
				CLANG_ANALYZER_NUMBER_OBJECT_CONVERSION = YES_AGGRESSIVE;
				CLANG_CXX_LANGUAGE_STANDARD = "gnu++20";
				CLANG_ENABLE_MODULES = YES;
				CLANG_ENABLE_OBJC_ARC = YES;
				CLANG_ENABLE_OBJC_WEAK = YES;
				CLANG_WARN_BLOCK_CAPTURE_AUTORELEASING = YES;
				CLANG_WARN_BOOL_CONVERSION = YES;
				CLANG_WARN_COMMA = YES;
				CLANG_WARN_CONSTANT_CONVERSION = YES;
				CLANG_WARN_DEPRECATED_OBJC_IMPLEMENTATIONS = YES;
				CLANG_WARN_DIRECT_OBJC_ISA_USAGE = YES_ERROR;
				CLANG_WARN_DOCUMENTATION_COMMENTS = YES;
				CLANG_WARN_EMPTY_BODY = YES;
				CLANG_WARN_ENUM_CONVERSION = YES;
				CLANG_WARN_INFINITE_RECURSION = YES;
				CLANG_WARN_INT_CONVERSION = YES;
				CLANG_WARN_NON_LITERAL_NULL_CONVERSION = YES;
				CLANG_WARN_OBJC_IMPLICIT_RETAIN_SELF = YES;
				CLANG_WARN_OBJC_LITERAL_CONVERSION = YES;
				CLANG_WARN_OBJC_ROOT_CLASS = YES_ERROR;
				CLANG_WARN_QUOTED_INCLUDE_IN_FRAMEWORK_HEADER = YES;
				CLANG_WARN_RANGE_LOOP_ANALYSIS = YES;
				CLANG_WARN_STRICT_PROTOTYPES = YES;
				CLANG_WARN_SUSPICIOUS_MOVE = YES;
				CLANG_WARN_UNGUARDED_AVAILABILITY = YES_AGGRESSIVE;
				CLANG_WARN_UNREACHABLE_CODE = YES;
				CLANG_WARN__DUPLICATE_METHOD_MATCH = YES;
				COPY_PHASE_STRIP = NO;
				DEBUG_INFORMATION_FORMAT = "dwarf-with-dsym";
				ENABLE_NS_ASSERTIONS = NO;
				ENABLE_STRICT_OBJC_MSGSEND = YES;
				GCC_C_LANGUAGE_STANDARD = gnu11;
				GCC_NO_COMMON_BLOCKS = YES;
				GCC_WARN_64_TO_32_BIT_CONVERSION = YES;
				GCC_WARN_ABOUT_RETURN_TYPE = YES_ERROR;
				GCC_WARN_UNDECLARED_SELECTOR = YES;
				GCC_WARN_UNINITIALIZED_AUTOS = YES_AGGRESSIVE;
				GCC_WARN_UNUSED_FUNCTION = YES;
				GCC_WARN_UNUSED_VARIABLE = YES;
				IPHONEOS_DEPLOYMENT_TARGET = 16.2;
				MTL_ENABLE_DEBUG_INFO = NO;
				MTL_FAST_MATH = YES;
				SDKROOT = iphoneos;
				SWIFT_COMPILATION_MODE = wholemodule;
				SWIFT_OPTIMIZATION_LEVEL = "-O";
				VALIDATE_PRODUCT = YES;
			};
			name = Release;
		};
		837FF36529B733CE002F4074 /* Debug */ = {
			isa = XCBuildConfiguration;
			baseConfigurationReference = 62E2ABF0FB2B85071ED4AAD3 /* Pods-TheMovieIMDB.debug.xcconfig */;
			buildSettings = {
				ASSETCATALOG_COMPILER_APPICON_NAME = AppIcon;
				ASSETCATALOG_COMPILER_GLOBAL_ACCENT_COLOR_NAME = AccentColor;
				CODE_SIGN_STYLE = Automatic;
				CURRENT_PROJECT_VERSION = 1;
				DEVELOPMENT_TEAM = 74Z89SGR3Z;
				GENERATE_INFOPLIST_FILE = YES;
				INFOPLIST_FILE = TheMovieIMDB/Info.plist;
				INFOPLIST_KEY_UIApplicationSupportsIndirectInputEvents = YES;
				INFOPLIST_KEY_UILaunchStoryboardName = LaunchScreen;
				INFOPLIST_KEY_UISupportedInterfaceOrientations_iPad = "UIInterfaceOrientationPortrait UIInterfaceOrientationPortraitUpsideDown UIInterfaceOrientationLandscapeLeft UIInterfaceOrientationLandscapeRight";
				INFOPLIST_KEY_UISupportedInterfaceOrientations_iPhone = "UIInterfaceOrientationPortrait UIInterfaceOrientationLandscapeLeft UIInterfaceOrientationLandscapeRight";
				LD_RUNPATH_SEARCH_PATHS = (
					"$(inherited)",
					"@executable_path/Frameworks",
				);
				MARKETING_VERSION = 1.0;
				PRODUCT_BUNDLE_IDENTIFIER = com.renzoalvaroshan.TheMovieIMDB;
				PRODUCT_NAME = "$(TARGET_NAME)";
				SWIFT_EMIT_LOC_STRINGS = YES;
				SWIFT_VERSION = 5.0;
				TARGETED_DEVICE_FAMILY = "1,2";
			};
			name = Debug;
		};
		837FF36629B733CE002F4074 /* Release */ = {
			isa = XCBuildConfiguration;
			baseConfigurationReference = F4BA5CC2780C6DE9D593178A /* Pods-TheMovieIMDB.release.xcconfig */;
			buildSettings = {
				ASSETCATALOG_COMPILER_APPICON_NAME = AppIcon;
				ASSETCATALOG_COMPILER_GLOBAL_ACCENT_COLOR_NAME = AccentColor;
				CODE_SIGN_STYLE = Automatic;
				CURRENT_PROJECT_VERSION = 1;
				DEVELOPMENT_TEAM = 74Z89SGR3Z;
				GENERATE_INFOPLIST_FILE = YES;
				INFOPLIST_FILE = TheMovieIMDB/Info.plist;
				INFOPLIST_KEY_UIApplicationSupportsIndirectInputEvents = YES;
				INFOPLIST_KEY_UILaunchStoryboardName = LaunchScreen;
				INFOPLIST_KEY_UISupportedInterfaceOrientations_iPad = "UIInterfaceOrientationPortrait UIInterfaceOrientationPortraitUpsideDown UIInterfaceOrientationLandscapeLeft UIInterfaceOrientationLandscapeRight";
				INFOPLIST_KEY_UISupportedInterfaceOrientations_iPhone = "UIInterfaceOrientationPortrait UIInterfaceOrientationLandscapeLeft UIInterfaceOrientationLandscapeRight";
				LD_RUNPATH_SEARCH_PATHS = (
					"$(inherited)",
					"@executable_path/Frameworks",
				);
				MARKETING_VERSION = 1.0;
				PRODUCT_BUNDLE_IDENTIFIER = com.renzoalvaroshan.TheMovieIMDB;
				PRODUCT_NAME = "$(TARGET_NAME)";
				SWIFT_EMIT_LOC_STRINGS = YES;
				SWIFT_VERSION = 5.0;
				TARGETED_DEVICE_FAMILY = "1,2";
			};
			name = Release;
		};
		837FF36829B733CE002F4074 /* Debug */ = {
			isa = XCBuildConfiguration;
			baseConfigurationReference = F872018CA0885CD76DA7B511 /* Pods-TheMovieIMDBTests.debug.xcconfig */;
			buildSettings = {
				ALWAYS_EMBED_SWIFT_STANDARD_LIBRARIES = YES;
				BUNDLE_LOADER = "$(TEST_HOST)";
				CODE_SIGN_STYLE = Automatic;
				CURRENT_PROJECT_VERSION = 1;
				DEVELOPMENT_TEAM = 74Z89SGR3Z;
				GENERATE_INFOPLIST_FILE = YES;
				IPHONEOS_DEPLOYMENT_TARGET = 16.2;
				MARKETING_VERSION = 1.0;
				PRODUCT_BUNDLE_IDENTIFIER = com.renzoalvaroshan.TheMovieIMDBTests;
				PRODUCT_NAME = "$(TARGET_NAME)";
				SWIFT_EMIT_LOC_STRINGS = NO;
				SWIFT_VERSION = 5.0;
				TARGETED_DEVICE_FAMILY = "1,2";
				TEST_HOST = "$(BUILT_PRODUCTS_DIR)/TheMovieIMDB.app/$(BUNDLE_EXECUTABLE_FOLDER_PATH)/TheMovieIMDB";
			};
			name = Debug;
		};
		837FF36929B733CE002F4074 /* Release */ = {
			isa = XCBuildConfiguration;
			baseConfigurationReference = C712E8A26BE4C885D8CCDEA9 /* Pods-TheMovieIMDBTests.release.xcconfig */;
			buildSettings = {
				ALWAYS_EMBED_SWIFT_STANDARD_LIBRARIES = YES;
				BUNDLE_LOADER = "$(TEST_HOST)";
				CODE_SIGN_STYLE = Automatic;
				CURRENT_PROJECT_VERSION = 1;
				DEVELOPMENT_TEAM = 74Z89SGR3Z;
				GENERATE_INFOPLIST_FILE = YES;
				IPHONEOS_DEPLOYMENT_TARGET = 16.2;
				MARKETING_VERSION = 1.0;
				PRODUCT_BUNDLE_IDENTIFIER = com.renzoalvaroshan.TheMovieIMDBTests;
				PRODUCT_NAME = "$(TARGET_NAME)";
				SWIFT_EMIT_LOC_STRINGS = NO;
				SWIFT_VERSION = 5.0;
				TARGETED_DEVICE_FAMILY = "1,2";
				TEST_HOST = "$(BUILT_PRODUCTS_DIR)/TheMovieIMDB.app/$(BUNDLE_EXECUTABLE_FOLDER_PATH)/TheMovieIMDB";
			};
			name = Release;
		};
		837FF36B29B733CE002F4074 /* Debug */ = {
			isa = XCBuildConfiguration;
			baseConfigurationReference = F202BB3FE9C378BF42BCA1FD /* Pods-TheMovieIMDB-TheMovieIMDBUITests.debug.xcconfig */;
			buildSettings = {
				ALWAYS_EMBED_SWIFT_STANDARD_LIBRARIES = YES;
				CODE_SIGN_STYLE = Automatic;
				CURRENT_PROJECT_VERSION = 1;
				DEVELOPMENT_TEAM = 74Z89SGR3Z;
				GENERATE_INFOPLIST_FILE = YES;
				MARKETING_VERSION = 1.0;
				PRODUCT_BUNDLE_IDENTIFIER = com.renzoalvaroshan.TheMovieIMDBUITests;
				PRODUCT_NAME = "$(TARGET_NAME)";
				SWIFT_EMIT_LOC_STRINGS = NO;
				SWIFT_VERSION = 5.0;
				TARGETED_DEVICE_FAMILY = "1,2";
				TEST_TARGET_NAME = TheMovieIMDB;
			};
			name = Debug;
		};
		837FF36C29B733CE002F4074 /* Release */ = {
			isa = XCBuildConfiguration;
			baseConfigurationReference = 1BC62AB0A4C33AB517B0D32B /* Pods-TheMovieIMDB-TheMovieIMDBUITests.release.xcconfig */;
			buildSettings = {
				ALWAYS_EMBED_SWIFT_STANDARD_LIBRARIES = YES;
				CODE_SIGN_STYLE = Automatic;
				CURRENT_PROJECT_VERSION = 1;
				DEVELOPMENT_TEAM = 74Z89SGR3Z;
				GENERATE_INFOPLIST_FILE = YES;
				MARKETING_VERSION = 1.0;
				PRODUCT_BUNDLE_IDENTIFIER = com.renzoalvaroshan.TheMovieIMDBUITests;
				PRODUCT_NAME = "$(TARGET_NAME)";
				SWIFT_EMIT_LOC_STRINGS = NO;
				SWIFT_VERSION = 5.0;
				TARGETED_DEVICE_FAMILY = "1,2";
				TEST_TARGET_NAME = TheMovieIMDB;
			};
			name = Release;
		};
/* End XCBuildConfiguration section */

/* Begin XCConfigurationList section */
		837FF33529B733CD002F4074 /* Build configuration list for PBXProject "TheMovieIMDB" */ = {
			isa = XCConfigurationList;
			buildConfigurations = (
				837FF36229B733CE002F4074 /* Debug */,
				837FF36329B733CE002F4074 /* Release */,
			);
			defaultConfigurationIsVisible = 0;
			defaultConfigurationName = Release;
		};
		837FF36429B733CE002F4074 /* Build configuration list for PBXNativeTarget "TheMovieIMDB" */ = {
			isa = XCConfigurationList;
			buildConfigurations = (
				837FF36529B733CE002F4074 /* Debug */,
				837FF36629B733CE002F4074 /* Release */,
			);
			defaultConfigurationIsVisible = 0;
			defaultConfigurationName = Release;
		};
		837FF36729B733CE002F4074 /* Build configuration list for PBXNativeTarget "TheMovieIMDBTests" */ = {
			isa = XCConfigurationList;
			buildConfigurations = (
				837FF36829B733CE002F4074 /* Debug */,
				837FF36929B733CE002F4074 /* Release */,
			);
			defaultConfigurationIsVisible = 0;
			defaultConfigurationName = Release;
		};
		837FF36A29B733CE002F4074 /* Build configuration list for PBXNativeTarget "TheMovieIMDBUITests" */ = {
			isa = XCConfigurationList;
			buildConfigurations = (
				837FF36B29B733CE002F4074 /* Debug */,
				837FF36C29B733CE002F4074 /* Release */,
			);
			defaultConfigurationIsVisible = 0;
			defaultConfigurationName = Release;
		};
/* End XCConfigurationList section */
	};
	rootObject = 837FF33229B733CD002F4074 /* Project object */;
}
